PODS:
  - boost (1.76.0)
  - BVLinearGradient (2.8.3):
    - React-Core
  - DoubleConversion (1.1.6)
  - EXApplication (5.3.1):
    - ExpoModulesCore
  - EXBackgroundFetch (11.3.0):
    - ExpoModulesCore
  - EXBarCodeScanner (12.5.3):
    - EXImageLoader
    - ExpoModulesCore
    - ZXingObjC/OneD
    - ZXingObjC/PDF417
  - EXCalendar (11.3.2):
    - ExpoModulesCore
  - EXConstants (14.4.2):
    - ExpoModulesCore
  - EXFileSystem (15.4.4):
    - ExpoModulesCore
  - EXFont (11.4.0):
    - ExpoModulesCore
  - EXImageLoader (4.3.0):
    - ExpoModulesCore
    - React-Core
  - EXJSONUtils (0.7.1)
  - EXLocation (16.1.0):
    - ExpoModulesCore
  - EXManifests (0.7.2):
    - ExpoModulesCore
  - EXNotifications (0.20.1):
    - ExpoModulesCore
  - Expo (49.0.16):
    - ExpoModulesCore
  - expo-dev-client (2.4.11):
    - EXManifests
    - expo-dev-launcher
    - expo-dev-menu
    - expo-dev-menu-interface
    - EXUpdatesInterface
  - expo-dev-launcher (3.3.0):
    - EXManifests
    - expo-dev-launcher/Main (= 3.3.0)
    - expo-dev-menu
    - expo-dev-menu-interface
    - ExpoModulesCore
    - EXUpdatesInterface
    - RCT-Folly (= 2021.07.22.00)
    - React-Core
    - React-RCTAppDelegate
  - expo-dev-launcher/Main (3.3.0):
    - EXManifests
    - expo-dev-launcher/Unsafe
    - expo-dev-menu
    - expo-dev-menu-interface
    - ExpoModulesCore
    - EXUpdatesInterface
    - RCT-Folly (= 2021.07.22.00)
    - React-Core
    - React-RCTAppDelegate
  - expo-dev-launcher/Unsafe (3.3.0):
    - EXManifests
    - expo-dev-menu
    - expo-dev-menu-interface
    - ExpoModulesCore
    - EXUpdatesInterface
    - RCT-Folly (= 2021.07.22.00)
    - React-Core
    - React-RCTAppDelegate
  - expo-dev-menu (3.2.1):
    - expo-dev-menu/Main (= 3.2.1)
    - RCT-Folly (= 2021.07.22.00)
    - React-Core
  - expo-dev-menu-interface (1.3.0)
  - expo-dev-menu/Main (3.2.1):
    - EXManifests
    - expo-dev-menu-interface
    - expo-dev-menu/Vendored
    - ExpoModulesCore
    - RCT-Folly (= 2021.07.22.00)
    - React-Core
  - expo-dev-menu/SafeAreaView (3.2.1):
    - ExpoModulesCore
    - RCT-Folly (= 2021.07.22.00)
    - React-Core
  - expo-dev-menu/Vendored (3.2.1):
    - expo-dev-menu/SafeAreaView
    - RCT-Folly (= 2021.07.22.00)
    - React-Core
  - ExpoBlur (12.4.1):
    - ExpoModulesCore
  - ExpoClipboard (4.3.1):
    - ExpoModulesCore
  - ExpoCrypto (12.4.1):
    - ExpoModulesCore
  - ExpoDynamicAppIcon (1.2.0):
    - ExpoModulesCore
  - ExpoHaptics (12.4.0):
    - ExpoModulesCore
  - ExpoImagePicker (14.3.2):
    - ExpoModulesCore
  - ExpoKeepAwake (12.3.0):
    - ExpoModulesCore
  - ExpoLinearGradient (12.3.0):
    - ExpoModulesCore
  - ExpoLocalAuthentication (13.4.1):
    - ExpoModulesCore
  - ExpoModulesCore (1.5.11):
    - RCT-Folly (= 2021.07.22.00)
    - React-Core
    - React-NativeModulesApple
    - React-RCTAppDelegate
    - ReactCommon/turbomodule/core
  - ExpoSharing (11.5.0):
    - ExpoModulesCore
  - ExpoSQLite (11.3.3):
    - ExpoModulesCore
  - ExpoStoreReview (6.4.0):
    - ExpoModulesCore
  - ExpoSystemUI (2.4.0):
    - ExpoModulesCore
  - ExpoWebBrowser (12.3.2):
    - ExpoModulesCore
  - EXSplashScreen (0.20.5):
    - ExpoModulesCore
    - RCT-Folly (= 2021.07.22.00)
    - React-Core
  - EXTaskManager (11.3.0):
    - ExpoModulesCore
    - UMAppLoader
  - EXUpdatesInterface (0.10.1)
  - FBLazyVector (0.72.6)
  - FBReactNativeSpec (0.72.6):
    - RCT-Folly (= 2021.07.22.00)
    - RCTRequired (= 0.72.6)
    - RCTTypeSafety (= 0.72.6)
    - React-Core (= 0.72.6)
    - React-jsi (= 0.72.6)
    - ReactCommon/turbomodule/core (= 0.72.6)
  - fmt (6.2.1)
  - glog (0.3.5)
  - hermes-engine (0.72.6):
    - hermes-engine/Pre-built (= 0.72.6)
  - hermes-engine/Pre-built (0.72.6)
  - libevent (2.1.12)
  - RCT-Folly (2021.07.22.00):
    - boost
    - DoubleConversion
    - fmt (~> 6.2.1)
    - glog
    - RCT-Folly/Default (= 2021.07.22.00)
  - RCT-Folly/Default (2021.07.22.00):
    - boost
    - DoubleConversion
    - fmt (~> 6.2.1)
    - glog
  - RCT-Folly/Futures (2021.07.22.00):
    - boost
    - DoubleConversion
    - fmt (~> 6.2.1)
    - glog
    - libevent
  - RCTRequired (0.72.6)
  - RCTTypeSafety (0.72.6):
    - FBLazyVector (= 0.72.6)
    - RCTRequired (= 0.72.6)
    - React-Core (= 0.72.6)
  - React (0.72.6):
    - React-Core (= 0.72.6)
    - React-Core/DevSupport (= 0.72.6)
    - React-Core/RCTWebSocket (= 0.72.6)
    - React-RCTActionSheet (= 0.72.6)
    - React-RCTAnimation (= 0.72.6)
    - React-RCTBlob (= 0.72.6)
    - React-RCTImage (= 0.72.6)
    - React-RCTLinking (= 0.72.6)
    - React-RCTNetwork (= 0.72.6)
    - React-RCTSettings (= 0.72.6)
    - React-RCTText (= 0.72.6)
    - React-RCTVibration (= 0.72.6)
  - React-callinvoker (0.72.6)
  - React-Codegen (0.72.6):
    - DoubleConversion
    - FBReactNativeSpec
    - glog
    - hermes-engine
    - RCT-Folly
    - RCTRequired
    - RCTTypeSafety
    - React-Core
    - React-jsi
    - React-jsiexecutor
    - React-NativeModulesApple
    - React-rncore
    - ReactCommon/turbomodule/bridging
    - ReactCommon/turbomodule/core
  - React-Core (0.72.6):
    - glog
    - hermes-engine
    - RCT-Folly (= 2021.07.22.00)
    - React-Core/Default (= 0.72.6)
    - React-cxxreact
    - React-hermes
    - React-jsi
    - React-jsiexecutor
    - React-perflogger
    - React-runtimeexecutor
    - React-utils
    - SocketRocket (= 0.6.1)
    - Yoga
  - React-Core/CoreModulesHeaders (0.72.6):
    - glog
    - hermes-engine
    - RCT-Folly (= 2021.07.22.00)
    - React-Core/Default
    - React-cxxreact
    - React-hermes
    - React-jsi
    - React-jsiexecutor
    - React-perflogger
    - React-runtimeexecutor
    - React-utils
    - SocketRocket (= 0.6.1)
    - Yoga
  - React-Core/Default (0.72.6):
    - glog
    - hermes-engine
    - RCT-Folly (= 2021.07.22.00)
    - React-cxxreact
    - React-hermes
    - React-jsi
    - React-jsiexecutor
    - React-perflogger
    - React-runtimeexecutor
    - React-utils
    - SocketRocket (= 0.6.1)
    - Yoga
  - React-Core/DevSupport (0.72.6):
    - glog
    - hermes-engine
    - RCT-Folly (= 2021.07.22.00)
    - React-Core/Default (= 0.72.6)
    - React-Core/RCTWebSocket (= 0.72.6)
    - React-cxxreact
    - React-hermes
    - React-jsi
    - React-jsiexecutor
    - React-jsinspector (= 0.72.6)
    - React-perflogger
    - React-runtimeexecutor
    - React-utils
    - SocketRocket (= 0.6.1)
    - Yoga
  - React-Core/RCTActionSheetHeaders (0.72.6):
    - glog
    - hermes-engine
    - RCT-Folly (= 2021.07.22.00)
    - React-Core/Default
    - React-cxxreact
    - React-hermes
    - React-jsi
    - React-jsiexecutor
    - React-perflogger
    - React-runtimeexecutor
    - React-utils
    - SocketRocket (= 0.6.1)
    - Yoga
  - React-Core/RCTAnimationHeaders (0.72.6):
    - glog
    - hermes-engine
    - RCT-Folly (= 2021.07.22.00)
    - React-Core/Default
    - React-cxxreact
    - React-hermes
    - React-jsi
    - React-jsiexecutor
    - React-perflogger
    - React-runtimeexecutor
    - React-utils
    - SocketRocket (= 0.6.1)
    - Yoga
  - React-Core/RCTBlobHeaders (0.72.6):
    - glog
    - hermes-engine
    - RCT-Folly (= 2021.07.22.00)
    - React-Core/Default
    - React-cxxreact
    - React-hermes
    - React-jsi
    - React-jsiexecutor
    - React-perflogger
    - React-runtimeexecutor
    - React-utils
    - SocketRocket (= 0.6.1)
    - Yoga
  - React-Core/RCTImageHeaders (0.72.6):
    - glog
    - hermes-engine
    - RCT-Folly (= 2021.07.22.00)
    - React-Core/Default
    - React-cxxreact
    - React-hermes
    - React-jsi
    - React-jsiexecutor
    - React-perflogger
    - React-runtimeexecutor
    - React-utils
    - SocketRocket (= 0.6.1)
    - Yoga
  - React-Core/RCTLinkingHeaders (0.72.6):
    - glog
    - hermes-engine
    - RCT-Folly (= 2021.07.22.00)
    - React-Core/Default
    - React-cxxreact
    - React-hermes
    - React-jsi
    - React-jsiexecutor
    - React-perflogger
    - React-runtimeexecutor
    - React-utils
    - SocketRocket (= 0.6.1)
    - Yoga
  - React-Core/RCTNetworkHeaders (0.72.6):
    - glog
    - hermes-engine
    - RCT-Folly (= 2021.07.22.00)
    - React-Core/Default
    - React-cxxreact
    - React-hermes
    - React-jsi
    - React-jsiexecutor
    - React-perflogger
    - React-runtimeexecutor
    - React-utils
    - SocketRocket (= 0.6.1)
    - Yoga
  - React-Core/RCTSettingsHeaders (0.72.6):
    - glog
    - hermes-engine
    - RCT-Folly (= 2021.07.22.00)
    - React-Core/Default
    - React-cxxreact
    - React-hermes
    - React-jsi
    - React-jsiexecutor
    - React-perflogger
    - React-runtimeexecutor
    - React-utils
    - SocketRocket (= 0.6.1)
    - Yoga
  - React-Core/RCTTextHeaders (0.72.6):
    - glog
    - hermes-engine
    - RCT-Folly (= 2021.07.22.00)
    - React-Core/Default
    - React-cxxreact
    - React-hermes
    - React-jsi
    - React-jsiexecutor
    - React-perflogger
    - React-runtimeexecutor
    - React-utils
    - SocketRocket (= 0.6.1)
    - Yoga
  - React-Core/RCTVibrationHeaders (0.72.6):
    - glog
    - hermes-engine
    - RCT-Folly (= 2021.07.22.00)
    - React-Core/Default
    - React-cxxreact
    - React-hermes
    - React-jsi
    - React-jsiexecutor
    - React-perflogger
    - React-runtimeexecutor
    - React-utils
    - SocketRocket (= 0.6.1)
    - Yoga
  - React-Core/RCTWebSocket (0.72.6):
    - glog
    - hermes-engine
    - RCT-Folly (= 2021.07.22.00)
    - React-Core/Default (= 0.72.6)
    - React-cxxreact
    - React-hermes
    - React-jsi
    - React-jsiexecutor
    - React-perflogger
    - React-runtimeexecutor
    - React-utils
    - SocketRocket (= 0.6.1)
    - Yoga
  - React-CoreModules (0.72.6):
    - RCT-Folly (= 2021.07.22.00)
    - RCTTypeSafety (= 0.72.6)
    - React-Codegen (= 0.72.6)
    - React-Core/CoreModulesHeaders (= 0.72.6)
    - React-jsi (= 0.72.6)
    - React-RCTBlob
    - React-RCTImage (= 0.72.6)
    - ReactCommon/turbomodule/core (= 0.72.6)
    - SocketRocket (= 0.6.1)
  - React-cxxreact (0.72.6):
    - boost (= 1.76.0)
    - DoubleConversion
    - glog
    - hermes-engine
    - RCT-Folly (= 2021.07.22.00)
    - React-callinvoker (= 0.72.6)
    - React-debug (= 0.72.6)
    - React-jsi (= 0.72.6)
    - React-jsinspector (= 0.72.6)
    - React-logger (= 0.72.6)
    - React-perflogger (= 0.72.6)
    - React-runtimeexecutor (= 0.72.6)
  - React-debug (0.72.6)
  - React-hermes (0.72.6):
    - DoubleConversion
    - glog
    - hermes-engine
    - RCT-Folly (= 2021.07.22.00)
    - RCT-Folly/Futures (= 2021.07.22.00)
    - React-cxxreact (= 0.72.6)
    - React-jsi
    - React-jsiexecutor (= 0.72.6)
    - React-jsinspector (= 0.72.6)
    - React-perflogger (= 0.72.6)
  - React-jsi (0.72.6):
    - boost (= 1.76.0)
    - DoubleConversion
    - glog
    - hermes-engine
    - RCT-Folly (= 2021.07.22.00)
  - React-jsiexecutor (0.72.6):
    - DoubleConversion
    - glog
    - hermes-engine
    - RCT-Folly (= 2021.07.22.00)
    - React-cxxreact (= 0.72.6)
    - React-jsi (= 0.72.6)
    - React-perflogger (= 0.72.6)
  - React-jsinspector (0.72.6)
  - React-logger (0.72.6):
    - glog
  - react-native-ios-context-menu (1.15.3):
    - React-Core
  - react-native-menu (0.8.0):
    - React
  - react-native-netinfo (9.3.10):
    - React-Core
  - react-native-render-html (6.3.4):
    - React-Core
  - react-native-safe-area-context (4.6.3):
    - RCT-Folly
    - RCTRequired
    - RCTTypeSafety
    - React-Core
    - ReactCommon/turbomodule/core
  - react-native-sfsymbols (1.2.1):
    - React
  - react-native-skia (0.1.218):
    - RCT-Folly (= 2021.07.22.00)
    - React
    - React-callinvoker
    - React-Core
  - react-native-view-shot (3.7.0):
    - React-Core
  - react-native-webview (13.6.2):
    - React-Core
  - React-NativeModulesApple (0.72.6):
    - hermes-engine
    - React-callinvoker
    - React-Core
    - React-cxxreact
    - React-jsi
    - React-runtimeexecutor
    - ReactCommon/turbomodule/bridging
    - ReactCommon/turbomodule/core
  - React-perflogger (0.72.6)
  - React-RCTActionSheet (0.72.6):
    - React-Core/RCTActionSheetHeaders (= 0.72.6)
  - React-RCTAnimation (0.72.6):
    - RCT-Folly (= 2021.07.22.00)
    - RCTTypeSafety (= 0.72.6)
    - React-Codegen (= 0.72.6)
    - React-Core/RCTAnimationHeaders (= 0.72.6)
    - React-jsi (= 0.72.6)
    - ReactCommon/turbomodule/core (= 0.72.6)
  - React-RCTAppDelegate (0.72.6):
    - RCT-Folly
    - RCTRequired
    - RCTTypeSafety
    - React-Core
    - React-CoreModules
    - React-hermes
    - React-NativeModulesApple
    - React-RCTImage
    - React-RCTNetwork
    - React-runtimescheduler
    - ReactCommon/turbomodule/core
  - React-RCTBlob (0.72.6):
    - hermes-engine
    - RCT-Folly (= 2021.07.22.00)
    - React-Codegen (= 0.72.6)
    - React-Core/RCTBlobHeaders (= 0.72.6)
    - React-Core/RCTWebSocket (= 0.72.6)
    - React-jsi (= 0.72.6)
    - React-RCTNetwork (= 0.72.6)
    - ReactCommon/turbomodule/core (= 0.72.6)
  - React-RCTImage (0.72.6):
    - RCT-Folly (= 2021.07.22.00)
    - RCTTypeSafety (= 0.72.6)
    - React-Codegen (= 0.72.6)
    - React-Core/RCTImageHeaders (= 0.72.6)
    - React-jsi (= 0.72.6)
    - React-RCTNetwork (= 0.72.6)
    - ReactCommon/turbomodule/core (= 0.72.6)
  - React-RCTLinking (0.72.6):
    - React-Codegen (= 0.72.6)
    - React-Core/RCTLinkingHeaders (= 0.72.6)
    - React-jsi (= 0.72.6)
    - ReactCommon/turbomodule/core (= 0.72.6)
  - React-RCTNetwork (0.72.6):
    - RCT-Folly (= 2021.07.22.00)
    - RCTTypeSafety (= 0.72.6)
    - React-Codegen (= 0.72.6)
    - React-Core/RCTNetworkHeaders (= 0.72.6)
    - React-jsi (= 0.72.6)
    - ReactCommon/turbomodule/core (= 0.72.6)
  - React-RCTSettings (0.72.6):
    - RCT-Folly (= 2021.07.22.00)
    - RCTTypeSafety (= 0.72.6)
    - React-Codegen (= 0.72.6)
    - React-Core/RCTSettingsHeaders (= 0.72.6)
    - React-jsi (= 0.72.6)
    - ReactCommon/turbomodule/core (= 0.72.6)
  - React-RCTText (0.72.6):
    - React-Core/RCTTextHeaders (= 0.72.6)
  - React-RCTVibration (0.72.6):
    - RCT-Folly (= 2021.07.22.00)
    - React-Codegen (= 0.72.6)
    - React-Core/RCTVibrationHeaders (= 0.72.6)
    - React-jsi (= 0.72.6)
    - ReactCommon/turbomodule/core (= 0.72.6)
  - React-rncore (0.72.6)
  - React-runtimeexecutor (0.72.6):
    - React-jsi (= 0.72.6)
  - React-runtimescheduler (0.72.6):
    - glog
    - hermes-engine
    - RCT-Folly (= 2021.07.22.00)
    - React-callinvoker
    - React-debug
    - React-jsi
    - React-runtimeexecutor
  - React-utils (0.72.6):
    - glog
    - RCT-Folly (= 2021.07.22.00)
    - React-debug
  - ReactCommon/turbomodule/bridging (0.72.6):
    - DoubleConversion
    - glog
    - hermes-engine
    - RCT-Folly (= 2021.07.22.00)
    - React-callinvoker (= 0.72.6)
    - React-cxxreact (= 0.72.6)
    - React-jsi (= 0.72.6)
    - React-logger (= 0.72.6)
    - React-perflogger (= 0.72.6)
  - ReactCommon/turbomodule/core (0.72.6):
    - DoubleConversion
    - glog
    - hermes-engine
    - RCT-Folly (= 2021.07.22.00)
    - React-callinvoker (= 0.72.6)
    - React-cxxreact (= 0.72.6)
    - React-jsi (= 0.72.6)
    - React-logger (= 0.72.6)
    - React-perflogger (= 0.72.6)
  - ReactNativePdfRenderer (1.2.0):
    - React-Core
  - RNCAsyncStorage (1.18.2):
    - React-Core
  - RNCClipboard (1.12.1):
    - React-Core
  - RNCMaskedView (0.2.9):
    - React-Core
  - RNCPushNotificationIOS (1.11.0):
    - React-Core
  - RNDateTimePicker (7.2.0):
    - React-Core
  - RNGestureHandler (2.13.4):
    - RCT-Folly (= 2021.07.22.00)
    - React-Core
  - RNNotifee (7.8.0):
    - React-Core
    - RNNotifee/NotifeeCore (= 7.8.0)
  - RNNotifee/NotifeeCore (7.8.0):
    - React-Core
  - RNReactNativeSharedGroupPreferences (1.1.24):
    - React
  - RNReanimated (3.4.2):
    - DoubleConversion
    - FBLazyVector
    - glog
    - hermes-engine
    - RCT-Folly
    - RCTRequired
    - RCTTypeSafety
    - React-callinvoker
    - React-Core
    - React-Core/DevSupport
    - React-Core/RCTWebSocket
    - React-CoreModules
    - React-cxxreact
    - React-hermes
    - React-jsi
    - React-jsiexecutor
    - React-jsinspector
    - React-RCTActionSheet
    - React-RCTAnimation
    - React-RCTAppDelegate
    - React-RCTBlob
    - React-RCTImage
    - React-RCTLinking
    - React-RCTNetwork
    - React-RCTSettings
    - React-RCTText
    - ReactCommon/turbomodule/core
    - Yoga
  - RNScreens (3.22.1):
    - React-Core
    - React-RCTImage
  - RNStoreReview (0.4.3):
    - React-Core
  - RNSVG (13.9.0):
    - React-Core
  - RNVectorIcons (9.2.0):
    - React-Core
  - SocketRocket (0.6.1)
  - UMAppLoader (4.2.0)
  - Yoga (1.14.0)
  - ZXingObjC/Core (3.6.5)
  - ZXingObjC/OneD (3.6.5):
    - ZXingObjC/Core
  - ZXingObjC/PDF417 (3.6.5):
    - ZXingObjC/Core

DEPENDENCIES:
  - boost (from `../node_modules/react-native/third-party-podspecs/boost.podspec`)
  - BVLinearGradient (from `../node_modules/react-native-linear-gradient`)
  - DoubleConversion (from `../node_modules/react-native/third-party-podspecs/DoubleConversion.podspec`)
  - EXApplication (from `../node_modules/expo-application/ios`)
  - EXBackgroundFetch (from `../node_modules/expo-background-fetch/ios`)
  - EXBarCodeScanner (from `../node_modules/expo-barcode-scanner/ios`)
  - EXCalendar (from `../node_modules/expo-calendar/ios`)
  - EXConstants (from `../node_modules/expo-constants/ios`)
  - EXFileSystem (from `../node_modules/expo-file-system/ios`)
  - EXFont (from `../node_modules/expo-font/ios`)
  - EXImageLoader (from `../node_modules/expo-image-loader/ios`)
  - EXJSONUtils (from `../node_modules/expo-json-utils/ios`)
  - EXLocation (from `../node_modules/expo-location/ios`)
  - EXManifests (from `../node_modules/expo-manifests/ios`)
  - EXNotifications (from `../node_modules/expo-notifications/ios`)
  - Expo (from `../node_modules/expo`)
  - expo-dev-client (from `../node_modules/expo-dev-client/ios`)
  - expo-dev-launcher (from `../node_modules/expo-dev-launcher`)
  - expo-dev-menu (from `../node_modules/expo-dev-menu`)
  - expo-dev-menu-interface (from `../node_modules/expo-dev-menu-interface/ios`)
  - ExpoBlur (from `../node_modules/expo-blur/ios`)
  - ExpoClipboard (from `../node_modules/expo-clipboard/ios`)
  - ExpoCrypto (from `../node_modules/expo-crypto/ios`)
  - ExpoDynamicAppIcon (from `../node_modules/expo-dynamic-app-icon/ios`)
  - ExpoHaptics (from `../node_modules/expo-haptics/ios`)
  - ExpoImagePicker (from `../node_modules/expo-image-picker/ios`)
  - ExpoKeepAwake (from `../node_modules/expo-keep-awake/ios`)
  - ExpoLinearGradient (from `../node_modules/expo-linear-gradient/ios`)
  - ExpoLocalAuthentication (from `../node_modules/expo-local-authentication/ios`)
  - ExpoModulesCore (from `../node_modules/expo-modules-core`)
  - ExpoSharing (from `../node_modules/expo-sharing/ios`)
  - ExpoSQLite (from `../node_modules/expo-sqlite/ios`)
  - ExpoStoreReview (from `../node_modules/expo-store-review/ios`)
  - ExpoSystemUI (from `../node_modules/expo-system-ui/ios`)
  - ExpoWebBrowser (from `../node_modules/expo-web-browser/ios`)
  - EXSplashScreen (from `../node_modules/expo-splash-screen/ios`)
  - EXTaskManager (from `../node_modules/expo-task-manager/ios`)
  - EXUpdatesInterface (from `../node_modules/expo-updates-interface/ios`)
  - FBLazyVector (from `../node_modules/react-native/Libraries/FBLazyVector`)
  - FBReactNativeSpec (from `../node_modules/react-native/React/FBReactNativeSpec`)
  - glog (from `../node_modules/react-native/third-party-podspecs/glog.podspec`)
  - hermes-engine (from `../node_modules/react-native/sdks/hermes-engine/hermes-engine.podspec`)
  - libevent (~> 2.1.12)
  - RCT-Folly (from `../node_modules/react-native/third-party-podspecs/RCT-Folly.podspec`)
  - RCTRequired (from `../node_modules/react-native/Libraries/RCTRequired`)
  - RCTTypeSafety (from `../node_modules/react-native/Libraries/TypeSafety`)
  - React (from `../node_modules/react-native/`)
  - React-callinvoker (from `../node_modules/react-native/ReactCommon/callinvoker`)
  - React-Codegen (from `build/generated/ios`)
  - React-Core (from `../node_modules/react-native/`)
  - React-Core/RCTWebSocket (from `../node_modules/react-native/`)
  - React-CoreModules (from `../node_modules/react-native/React/CoreModules`)
  - React-cxxreact (from `../node_modules/react-native/ReactCommon/cxxreact`)
  - React-debug (from `../node_modules/react-native/ReactCommon/react/debug`)
  - React-hermes (from `../node_modules/react-native/ReactCommon/hermes`)
  - React-jsi (from `../node_modules/react-native/ReactCommon/jsi`)
  - React-jsiexecutor (from `../node_modules/react-native/ReactCommon/jsiexecutor`)
  - React-jsinspector (from `../node_modules/react-native/ReactCommon/jsinspector`)
  - React-logger (from `../node_modules/react-native/ReactCommon/logger`)
  - react-native-ios-context-menu (from `../node_modules/react-native-ios-context-menu`)
  - "react-native-menu (from `../node_modules/@react-native-menu/menu`)"
  - "react-native-netinfo (from `../node_modules/@react-native-community/netinfo`)"
  - react-native-render-html (from `../node_modules/react-native-render-html`)
  - react-native-safe-area-context (from `../node_modules/react-native-safe-area-context`)
  - react-native-sfsymbols (from `../node_modules/react-native-sfsymbols`)
  - "react-native-skia (from `../node_modules/@shopify/react-native-skia`)"
  - react-native-view-shot (from `../node_modules/react-native-view-shot`)
  - react-native-webview (from `../node_modules/react-native-webview`)
  - React-NativeModulesApple (from `../node_modules/react-native/ReactCommon/react/nativemodule/core/platform/ios`)
  - React-perflogger (from `../node_modules/react-native/ReactCommon/reactperflogger`)
  - React-RCTActionSheet (from `../node_modules/react-native/Libraries/ActionSheetIOS`)
  - React-RCTAnimation (from `../node_modules/react-native/Libraries/NativeAnimation`)
  - React-RCTAppDelegate (from `../node_modules/react-native/Libraries/AppDelegate`)
  - React-RCTBlob (from `../node_modules/react-native/Libraries/Blob`)
  - React-RCTImage (from `../node_modules/react-native/Libraries/Image`)
  - React-RCTLinking (from `../node_modules/react-native/Libraries/LinkingIOS`)
  - React-RCTNetwork (from `../node_modules/react-native/Libraries/Network`)
  - React-RCTSettings (from `../node_modules/react-native/Libraries/Settings`)
  - React-RCTText (from `../node_modules/react-native/Libraries/Text`)
  - React-RCTVibration (from `../node_modules/react-native/Libraries/Vibration`)
  - React-rncore (from `../node_modules/react-native/ReactCommon`)
  - React-runtimeexecutor (from `../node_modules/react-native/ReactCommon/runtimeexecutor`)
  - React-runtimescheduler (from `../node_modules/react-native/ReactCommon/react/renderer/runtimescheduler`)
  - React-utils (from `../node_modules/react-native/ReactCommon/react/utils`)
  - ReactCommon/turbomodule/core (from `../node_modules/react-native/ReactCommon`)
  - ReactNativePdfRenderer (from `../node_modules/react-native-pdf-renderer`)
  - "RNCAsyncStorage (from `../node_modules/@react-native-async-storage/async-storage`)"
  - "RNCClipboard (from `../node_modules/@react-native-clipboard/clipboard`)"
  - "RNCMaskedView (from `../node_modules/@react-native-masked-view/masked-view`)"
  - "RNCPushNotificationIOS (from `../node_modules/@react-native-community/push-notification-ios`)"
  - "RNDateTimePicker (from `../node_modules/@react-native-community/datetimepicker`)"
  - RNGestureHandler (from `../node_modules/react-native-gesture-handler`)
  - "RNNotifee (from `../node_modules/@notifee/react-native`)"
  - RNReactNativeSharedGroupPreferences (from `../node_modules/react-native-shared-group-preferences`)
  - RNReanimated (from `../node_modules/react-native-reanimated`)
  - RNScreens (from `../node_modules/react-native-screens`)
  - RNStoreReview (from `../node_modules/react-native-store-review`)
  - RNSVG (from `../node_modules/react-native-svg`)
  - RNVectorIcons (from `../node_modules/react-native-vector-icons`)
  - UMAppLoader (from `../node_modules/unimodules-app-loader/ios`)
  - Yoga (from `../node_modules/react-native/ReactCommon/yoga`)

SPEC REPOS:
  trunk:
    - fmt
    - libevent
    - SocketRocket
    - ZXingObjC

EXTERNAL SOURCES:
  boost:
    :podspec: "../node_modules/react-native/third-party-podspecs/boost.podspec"
  BVLinearGradient:
    :path: "../node_modules/react-native-linear-gradient"
  DoubleConversion:
    :podspec: "../node_modules/react-native/third-party-podspecs/DoubleConversion.podspec"
  EXApplication:
    :path: "../node_modules/expo-application/ios"
  EXBackgroundFetch:
    :path: "../node_modules/expo-background-fetch/ios"
  EXBarCodeScanner:
    :path: "../node_modules/expo-barcode-scanner/ios"
  EXCalendar:
    :path: "../node_modules/expo-calendar/ios"
  EXConstants:
    :path: "../node_modules/expo-constants/ios"
  EXFileSystem:
    :path: "../node_modules/expo-file-system/ios"
  EXFont:
    :path: "../node_modules/expo-font/ios"
  EXImageLoader:
    :path: "../node_modules/expo-image-loader/ios"
  EXJSONUtils:
    :path: "../node_modules/expo-json-utils/ios"
  EXLocation:
    :path: "../node_modules/expo-location/ios"
  EXManifests:
    :path: "../node_modules/expo-manifests/ios"
  EXNotifications:
    :path: "../node_modules/expo-notifications/ios"
  Expo:
    :path: "../node_modules/expo"
  expo-dev-client:
    :path: "../node_modules/expo-dev-client/ios"
  expo-dev-launcher:
    :path: "../node_modules/expo-dev-launcher"
  expo-dev-menu:
    :path: "../node_modules/expo-dev-menu"
  expo-dev-menu-interface:
    :path: "../node_modules/expo-dev-menu-interface/ios"
  ExpoBlur:
    :path: "../node_modules/expo-blur/ios"
  ExpoClipboard:
    :path: "../node_modules/expo-clipboard/ios"
  ExpoCrypto:
    :path: "../node_modules/expo-crypto/ios"
  ExpoDynamicAppIcon:
    :path: "../node_modules/expo-dynamic-app-icon/ios"
  ExpoHaptics:
    :path: "../node_modules/expo-haptics/ios"
  ExpoImagePicker:
    :path: "../node_modules/expo-image-picker/ios"
  ExpoKeepAwake:
    :path: "../node_modules/expo-keep-awake/ios"
  ExpoLinearGradient:
    :path: "../node_modules/expo-linear-gradient/ios"
  ExpoLocalAuthentication:
    :path: "../node_modules/expo-local-authentication/ios"
  ExpoModulesCore:
    :path: "../node_modules/expo-modules-core"
  ExpoSharing:
    :path: "../node_modules/expo-sharing/ios"
  ExpoSQLite:
    :path: "../node_modules/expo-sqlite/ios"
  ExpoStoreReview:
    :path: "../node_modules/expo-store-review/ios"
  ExpoSystemUI:
    :path: "../node_modules/expo-system-ui/ios"
  ExpoWebBrowser:
    :path: "../node_modules/expo-web-browser/ios"
  EXSplashScreen:
    :path: "../node_modules/expo-splash-screen/ios"
  EXTaskManager:
    :path: "../node_modules/expo-task-manager/ios"
  EXUpdatesInterface:
    :path: "../node_modules/expo-updates-interface/ios"
  FBLazyVector:
    :path: "../node_modules/react-native/Libraries/FBLazyVector"
  FBReactNativeSpec:
    :path: "../node_modules/react-native/React/FBReactNativeSpec"
  glog:
    :podspec: "../node_modules/react-native/third-party-podspecs/glog.podspec"
  hermes-engine:
    :podspec: "../node_modules/react-native/sdks/hermes-engine/hermes-engine.podspec"
    :tag: hermes-2023-08-07-RNv0.72.4-813b2def12bc9df02654b3e3653ae4a68d0572e0
  RCT-Folly:
    :podspec: "../node_modules/react-native/third-party-podspecs/RCT-Folly.podspec"
  RCTRequired:
    :path: "../node_modules/react-native/Libraries/RCTRequired"
  RCTTypeSafety:
    :path: "../node_modules/react-native/Libraries/TypeSafety"
  React:
    :path: "../node_modules/react-native/"
  React-callinvoker:
    :path: "../node_modules/react-native/ReactCommon/callinvoker"
  React-Codegen:
    :path: build/generated/ios
  React-Core:
    :path: "../node_modules/react-native/"
  React-CoreModules:
    :path: "../node_modules/react-native/React/CoreModules"
  React-cxxreact:
    :path: "../node_modules/react-native/ReactCommon/cxxreact"
  React-debug:
    :path: "../node_modules/react-native/ReactCommon/react/debug"
  React-hermes:
    :path: "../node_modules/react-native/ReactCommon/hermes"
  React-jsi:
    :path: "../node_modules/react-native/ReactCommon/jsi"
  React-jsiexecutor:
    :path: "../node_modules/react-native/ReactCommon/jsiexecutor"
  React-jsinspector:
    :path: "../node_modules/react-native/ReactCommon/jsinspector"
  React-logger:
    :path: "../node_modules/react-native/ReactCommon/logger"
  react-native-ios-context-menu:
    :path: "../node_modules/react-native-ios-context-menu"
  react-native-menu:
    :path: "../node_modules/@react-native-menu/menu"
  react-native-netinfo:
    :path: "../node_modules/@react-native-community/netinfo"
  react-native-render-html:
    :path: "../node_modules/react-native-render-html"
  react-native-safe-area-context:
    :path: "../node_modules/react-native-safe-area-context"
  react-native-sfsymbols:
    :path: "../node_modules/react-native-sfsymbols"
  react-native-skia:
    :path: "../node_modules/@shopify/react-native-skia"
  react-native-view-shot:
    :path: "../node_modules/react-native-view-shot"
  react-native-webview:
    :path: "../node_modules/react-native-webview"
  React-NativeModulesApple:
    :path: "../node_modules/react-native/ReactCommon/react/nativemodule/core/platform/ios"
  React-perflogger:
    :path: "../node_modules/react-native/ReactCommon/reactperflogger"
  React-RCTActionSheet:
    :path: "../node_modules/react-native/Libraries/ActionSheetIOS"
  React-RCTAnimation:
    :path: "../node_modules/react-native/Libraries/NativeAnimation"
  React-RCTAppDelegate:
    :path: "../node_modules/react-native/Libraries/AppDelegate"
  React-RCTBlob:
    :path: "../node_modules/react-native/Libraries/Blob"
  React-RCTImage:
    :path: "../node_modules/react-native/Libraries/Image"
  React-RCTLinking:
    :path: "../node_modules/react-native/Libraries/LinkingIOS"
  React-RCTNetwork:
    :path: "../node_modules/react-native/Libraries/Network"
  React-RCTSettings:
    :path: "../node_modules/react-native/Libraries/Settings"
  React-RCTText:
    :path: "../node_modules/react-native/Libraries/Text"
  React-RCTVibration:
    :path: "../node_modules/react-native/Libraries/Vibration"
  React-rncore:
    :path: "../node_modules/react-native/ReactCommon"
  React-runtimeexecutor:
    :path: "../node_modules/react-native/ReactCommon/runtimeexecutor"
  React-runtimescheduler:
    :path: "../node_modules/react-native/ReactCommon/react/renderer/runtimescheduler"
  React-utils:
    :path: "../node_modules/react-native/ReactCommon/react/utils"
  ReactCommon:
    :path: "../node_modules/react-native/ReactCommon"
  ReactNativePdfRenderer:
    :path: "../node_modules/react-native-pdf-renderer"
  RNCAsyncStorage:
    :path: "../node_modules/@react-native-async-storage/async-storage"
  RNCClipboard:
    :path: "../node_modules/@react-native-clipboard/clipboard"
  RNCMaskedView:
    :path: "../node_modules/@react-native-masked-view/masked-view"
  RNCPushNotificationIOS:
    :path: "../node_modules/@react-native-community/push-notification-ios"
  RNDateTimePicker:
    :path: "../node_modules/@react-native-community/datetimepicker"
  RNGestureHandler:
    :path: "../node_modules/react-native-gesture-handler"
  RNNotifee:
    :path: "../node_modules/@notifee/react-native"
  RNReactNativeSharedGroupPreferences:
    :path: "../node_modules/react-native-shared-group-preferences"
  RNReanimated:
    :path: "../node_modules/react-native-reanimated"
  RNScreens:
    :path: "../node_modules/react-native-screens"
  RNStoreReview:
    :path: "../node_modules/react-native-store-review"
  RNSVG:
    :path: "../node_modules/react-native-svg"
  RNVectorIcons:
    :path: "../node_modules/react-native-vector-icons"
  UMAppLoader:
    :path: "../node_modules/unimodules-app-loader/ios"
  Yoga:
    :path: "../node_modules/react-native/ReactCommon/yoga"

SPEC CHECKSUMS:
  boost: 57d2868c099736d80fcd648bf211b4431e51a558
  BVLinearGradient: 880f91a7854faff2df62518f0281afb1c60d49a3
  DoubleConversion: 5189b271737e1565bdce30deb4a08d647e3f5f54
  EXApplication: 042aa2e3f05258a16962ea1a9914bf288db9c9a1
  EXBackgroundFetch: a4a45a5924d9ac6dd480d5d745aabe91bb17bb36
  EXBarCodeScanner: 44783bf0be375ab18a838dcfef29dd648397000a
  EXCalendar: 9706b81c497d3fbf3df5cf939a1c8fda2244bc12
  EXConstants: ce5bbea779da8031ac818c36bea41b10e14d04e1
  EXFileSystem: 2b826a3bf1071a4b80a8457e97124783d1ac860e
  EXFont: 738c44c390953ebcbab075a4848bfbef025fd9ee
  EXImageLoader: 34b214f9387e98f3c73989f15d8d5b399c9ab3f7
  EXJSONUtils: 6802be4282d42b97c51682468ddc1026a06f8276
  EXLocation: a425ace19c0445e7ea9702982fc6b9a402791510
  EXManifests: cf66451b11b2c2f6464917528d792759f7fd6ce0
  EXNotifications: 09394cbd7165f9a4a00a53328aa09bf874bae717
  Expo: fcfd60c1ed6806dee5103b210335ae0c72f675ed
  expo-dev-client: a97a68508a6104ad99f4b2613fd808cda7a4186c
  expo-dev-launcher: d25a90c9b181aa0207d904fbd72b9c5b1378874e
  expo-dev-menu: 9542570483a647626570cb4333c80add4cea1254
  expo-dev-menu-interface: bda969497e73dadc2663c479e0fa726ca79a306e
  ExpoBlur: a2c90bdfa4ff9f459cdb0f83191bddf020e3e2db
  ExpoClipboard: 695f274f8e028cd113837f917da40c76850877eb
  ExpoCrypto: a382ab9a2fa91f0b511ce1fe4d6baecee40a1615
  ExpoDynamicAppIcon: b0f96e53d0bf00412bbe97da0cfc15b8c94a54ce
  ExpoHaptics: 360af6898407ee4e8265d30a1a8fb16491a660eb
  ExpoImagePicker: c58fdf28be551681a8edc550bcec76c397a8dfcd
  ExpoKeepAwake: be4cbd52d9b177cde0fd66daa1913afa3161fc1d
  ExpoLinearGradient: 5966dd5d49872cc9c104fedc8bbc298b6049b2e8
  ExpoLocalAuthentication: bd9d9037a96a11ccc456e327ddb404df02da10ca
  ExpoModulesCore: 51cb2e7ab4c8da14be3f40b66d54c1781002e99d
  ExpoSharing: 825b2b3fc919a2656f75def0069f584bbd6e359a
  ExpoSQLite: 56580c3f3c60057b073acd093e1fdac03de2da6b
  ExpoStoreReview: f154c9fdf3dbd877ca0115757f0b2b6f43dd9db4
  ExpoSystemUI: fa4854e3226e87f86d3383570264c6e4e90bc782
  ExpoWebBrowser: 2c788f9c07718a780fe6d8bf2f6195c47609faaa
  EXSplashScreen: c0e7f2d4a640f3b875808ed0b88575538daf6d82
  EXTaskManager: f1730c315eb6fe457a3a2ee4ed899a51d717f302
  EXUpdatesInterface: 82ed48d417cdcd376c12ca1c2ce390d35500bed6
  FBLazyVector: 748c0ef74f2bf4b36cfcccf37916806940a64c32
  FBReactNativeSpec: 966f29e4e697de53a3b366355e8f57375c856ad9
  fmt: ff9d55029c625d3757ed641535fd4a75fedc7ce9
  glog: 04b94705f318337d7ead9e6d17c019bd9b1f6b1b
  hermes-engine: 8057e75cfc1437b178ac86c8654b24e7fead7f60
  libevent: 4049cae6c81cdb3654a443be001fb9bdceff7913
  RCT-Folly: 424b8c9a7a0b9ab2886ffe9c3b041ef628fd4fb1
  RCTRequired: 28469809442eb4eb5528462705f7d852948c8a74
  RCTTypeSafety: e9c6c409fca2cc584e5b086862d562540cb38d29
  React: 769f469909b18edfe934f0539fffb319c4c61043
  React-callinvoker: e48ce12c83706401251921896576710d81e54763
  React-Codegen: a136b8094d39fd071994eaa935366e6be2239cb1
  React-Core: e548a186fb01c3a78a9aeeffa212d625ca9511bf
  React-CoreModules: d226b22d06ea1bc4e49d3c073b2c6cbb42265405
  React-cxxreact: 44a3560510ead6633b6e02f9fbbdd1772fb40f92
  React-debug: 238501490155574ae9f3f8dd1c74330eba30133e
  React-hermes: 46e66dc854124d7645c20bfec0a6be9542826ecd
  React-jsi: fbdaf4166bae60524b591b18c851b530c8cdb90c
  React-jsiexecutor: 3bf18ff7cb03cd8dfdce08fbbc0d15058c1d71ae
  React-jsinspector: 194e32c6aab382d88713ad3dd0025c5f5c4ee072
  React-logger: cebf22b6cf43434e471dc561e5911b40ac01d289
  react-native-ios-context-menu: e529171ba760a1af7f2ef0729f5a7f4d226171c5
  react-native-menu: 5b9b82dabcc779cebde15d292ccbcba4469ff311
  react-native-netinfo: ccbe1085dffd16592791d550189772e13bf479e2
  react-native-render-html: 984dfe2294163d04bf5fe25d7c9f122e60e05ebe
  react-native-safe-area-context: 36cc67648134e89465663b8172336a19eeda493d
  react-native-sfsymbols: bd3a0d3eab185e80b571bae60753dcf5a0d57967
  react-native-skia: 7f27fb1b5a82d9d7e091700f41978ff114445e9d
  react-native-view-shot: f5507655f122e6b104888a11130f267a427f0d57
  react-native-webview: 8fc09f66a1a5b16bbe37c3878fda27d5982bb776
  React-NativeModulesApple: 02e35e9a51e10c6422f04f5e4076a7c02243fff2
  React-perflogger: e3596db7e753f51766bceadc061936ef1472edc3
  React-RCTActionSheet: 17ab132c748b4471012abbcdcf5befe860660485
  React-RCTAnimation: c8bbaab62be5817d2a31c36d5f2571e3f7dcf099
  React-RCTAppDelegate: af1c7dace233deba4b933cd1d6491fe4e3584ad1
  React-RCTBlob: 1bcf3a0341eb8d6950009b1ddb8aefaf46996b8c
  React-RCTImage: 670a3486b532292649b1aef3ffddd0b495a5cee4
  React-RCTLinking: bd7ab853144aed463903237e615fd91d11b4f659
  React-RCTNetwork: be86a621f3e4724758f23ad1fdce32474ab3d829
  React-RCTSettings: 4f3a29a6d23ffa639db9701bc29af43f30781058
  React-RCTText: adde32164a243103aaba0b1dc7b0a2599733873e
  React-RCTVibration: 6bd85328388ac2e82ae0ca11afe48ad5555b483a
  React-rncore: fda7b1ae5918fa7baa259105298a5487875a57c8
  React-runtimeexecutor: 57d85d942862b08f6d15441a0badff2542fd233c
  React-runtimescheduler: f23e337008403341177fc52ee4ca94e442c17ede
  React-utils: fa59c9a3375fb6f4aeb66714fd3f7f76b43a9f16
  ReactCommon: dd03c17275c200496f346af93a7b94c53f3093a4
  ReactNativePdfRenderer: f8150a13ba9755586b9480e5cf04483de7a3d479
  RNCAsyncStorage: ddc4ee162bfd41b0d2c68bf2d95acd81dd7f1f93
  RNCClipboard: d77213bfa269013bf4b857b7a9ca37ee062d8ef1
  RNCMaskedView: 949696f25ec596bfc697fc88e6f95cf0c79669b6
  RNCPushNotificationIOS: 64218f3c776c03d7408284a819b2abfda1834bc8
  RNDateTimePicker: 3942382593f104af226ad9c56e16166960c7ae30
  RNGestureHandler: 6e46dde1f87e5f018a54fe5d40cd0e0b942b49ee
  RNNotifee: f3c01b391dd8e98e67f539f9a35a9cbcd3bae744
  RNReactNativeSharedGroupPreferences: 29092869fc2e40d5baca5e15d82fa5c24a668977
  RNReanimated: 726395a2fa2f04cea340274ba57a4e659bc0d9c1
  RNScreens: 50ffe2fa2342eabb2d0afbe19f7c1af286bc7fb3
  RNStoreReview: 31dbfd0dac2eea9675f0b84f1dd3261c2110c337
  RNSVG: 53c661b76829783cdaf9b7a57258f3d3b4c28315
  RNVectorIcons: fcc2f6cb32f5735b586e66d14103a74ce6ad61f8
  SocketRocket: f32cd54efbe0f095c4d7594881e52619cfe80b17
  UMAppLoader: e83f024f75f07802fce99739f04b4537d188caaf
  Yoga: b76f1acfda8212aa16b7e26bcce3983230c82603
  ZXingObjC: fdbb269f25dd2032da343e06f10224d62f537bdb

PODFILE CHECKSUM: f73324ee57d220dbc7eb340fa5567e6b5b770f16

COCOAPODS: 1.13.0
