// !$*UTF8*$!
{
	archiveVersion = 1;
	classes = {
	};
	objectVersion = 46;
	objects = {

/* Begin PBXBuildFile section */
		01EFA531AF52425C9224AB17 /* gold-Icon-60x60@3x.png in Resources */ = {isa = PBXBuildFile; fileRef = 479E269E24A745F5AB61C428 /* gold-Icon-60x60@3x.png */; };
		04CF27412DFA4025815608DA /* chip-Icon-60x60@3x.png in Resources */ = {isa = PBXBuildFile; fileRef = BF83A2EDB1254D29ACF95606 /* chip-Icon-60x60@3x.png */; };
		13B07FBC1A68108700A75B9A /* AppDelegate.mm in Sources */ = {isa = PBXBuildFile; fileRef = 13B07FB01A68108700A75B9A /* AppDelegate.mm */; };
		13B07FBF1A68108700A75B9A /* Images.xcassets in Resources */ = {isa = PBXBuildFile; fileRef = 13B07FB51A68108700A75B9A /* Images.xcassets */; };
		13B07FC11A68108700A75B9A /* main.m in Sources */ = {isa = PBXBuildFile; fileRef = 13B07FB71A68108700A75B9A /* main.m */; };
		191F7BB4D17C479BA1D54D61 /* pride-Icon-60x60@3x.png in Resources */ = {isa = PBXBuildFile; fileRef = C90D54C4D3A74B9A8D4967E4 /* pride-Icon-60x60@3x.png */; };
		1983483366BA49E5948F07E2 /* sparkles-Icon-60x60@3x.png in Resources */ = {isa = PBXBuildFile; fileRef = 8437F421A1D34D3B80BE7AF5 /* sparkles-Icon-60x60@3x.png */; };
		274130B10EEC42EAACA3E99F /* purple-Icon-60x60@2x.png in Resources */ = {isa = PBXBuildFile; fileRef = CDF5DFFF22CE458BB5BF5DE0 /* purple-Icon-60x60@2x.png */; };
		340C86BF9F0440D194F60380 /* classic-Icon-60x60@2x.png in Resources */ = {isa = PBXBuildFile; fileRef = FE99B595968F4E8FA758CD4A /* classic-Icon-60x60@2x.png */; };
		3BF40FC5DDBC4C4E9CB83735 /* gradient-Icon-60x60@3x.png in Resources */ = {isa = PBXBuildFile; fileRef = 1244F91C0A634540B42B2A0B /* gradient-Icon-60x60@3x.png */; };
		3D9250D5F7344442AE0C0A4D /* 3d-Icon-60x60@3x.png in Resources */ = {isa = PBXBuildFile; fileRef = 3D20101701D14BAE9751ABBE /* 3d-Icon-60x60@3x.png */; };
		3E461D99554A48A4959DE609 /* SplashScreen.storyboard in Resources */ = {isa = PBXBuildFile; fileRef = AA286B85B6C04FC6940260E9 /* SplashScreen.storyboard */; };
		437F76467B094D0F86BBBB8D /* beta-Icon-60x60@3x.png in Resources */ = {isa = PBXBuildFile; fileRef = AB96F96EE45C4D96B20C5B95 /* beta-Icon-60x60@3x.png */; };
		4538800027544845AE4B0AA2 /* neon-Icon-60x60@3x.png in Resources */ = {isa = PBXBuildFile; fileRef = 30299CD4E371443ABC49F764 /* neon-Icon-60x60@3x.png */; };
		48D43B9EED0C40199CA2BF16 /* black-Icon-60x60@3x.png in Resources */ = {isa = PBXBuildFile; fileRef = 7206CE23F8B6410689E6C3DC /* black-Icon-60x60@3x.png */; };
		48F0A3FE67714233BB794C8B /* retro-Icon-60x60@2x.png in Resources */ = {isa = PBXBuildFile; fileRef = E295286F1B8046B9AD23673C /* retro-Icon-60x60@2x.png */; };
		54E1A7E23B7E4E4590D8F3B7 /* 3d-Icon-60x60@2x.png in Resources */ = {isa = PBXBuildFile; fileRef = 2222E84D81A645B39A4EEA9B /* 3d-Icon-60x60@2x.png */; };
		5BE89544B1B04AC38BAB167C /* pride-Icon-60x60@2x.png in Resources */ = {isa = PBXBuildFile; fileRef = CB47E6CDAF1747789CF9A777 /* pride-Icon-60x60@2x.png */; };
		6AD52488E2C14ABEBAFF1750 /* neon-Icon-60x60@2x.png in Resources */ = {isa = PBXBuildFile; fileRef = 2551A7E37D1546A987B9F90F /* neon-Icon-60x60@2x.png */; };
		6B437423829946A5B81E8A54 /* metal-Icon-60x60@3x.png in Resources */ = {isa = PBXBuildFile; fileRef = 7444442023404B49A91F0573 /* metal-Icon-60x60@3x.png */; };
		70FD432B197C4C73AE17C06F /* cutted-Icon-60x60@2x.png in Resources */ = {isa = PBXBuildFile; fileRef = 7A12D044E33D43AE889D1A91 /* cutted-Icon-60x60@2x.png */; };
		76053D7703E24DEEB8B96043 /* gold-Icon-60x60@2x.png in Resources */ = {isa = PBXBuildFile; fileRef = F8F15C6D85A14665A483EDD3 /* gold-Icon-60x60@2x.png */; };
		82FABCD164B0443D85F83B25 /* metal-Icon-60x60@2x.png in Resources */ = {isa = PBXBuildFile; fileRef = 0A4E8ED41A23416FA0DAC4BC /* metal-Icon-60x60@2x.png */; };
		90ACA5D9797D412E92DFB545 /* retro-Icon-60x60@3x.png in Resources */ = {isa = PBXBuildFile; fileRef = D8DC0A67209649FE9045F212 /* retro-Icon-60x60@3x.png */; };
		96905EF65AED1B983A6B3ABC /* libPods-Papillon.a in Frameworks */ = {isa = PBXBuildFile; fileRef = 58EEBF8E8E6FB1BC6CAF49B5 /* libPods-Papillon.a */; };
		9A784CB8D5404CECBAB51114 /* beta-Icon-60x60@2x.png in Resources */ = {isa = PBXBuildFile; fileRef = 82E0962E52DE42F59935260A /* beta-Icon-60x60@2x.png */; };
		9CD4AA4FC1FE4856A661C5A3 /* rays-purple-Icon-60x60@2x.png in Resources */ = {isa = PBXBuildFile; fileRef = 30ECA6C6F0D1445A9A88D1D3 /* rays-purple-Icon-60x60@2x.png */; };
		A0E25C64AB994028A179B9A1 /* cutted-Icon-60x60@3x.png in Resources */ = {isa = PBXBuildFile; fileRef = 1EBE623A534D436989FCE17E /* cutted-Icon-60x60@3x.png */; };
		AD32892211D74C73B647A24D /* noop-file.swift in Sources */ = {isa = PBXBuildFile; fileRef = 95D19D41FDAE430FB2D73C8F /* noop-file.swift */; };
		B0F9EBFBA4214DD89E0366D4 /* purple-Icon-60x60@3x.png in Resources */ = {isa = PBXBuildFile; fileRef = DD091B12886B455489118986 /* purple-Icon-60x60@3x.png */; };
		B18059E884C0ABDD17F3DC3D /* ExpoModulesProvider.swift in Sources */ = {isa = PBXBuildFile; fileRef = FAC715A2D49A985799AEE119 /* ExpoModulesProvider.swift */; };
		B1EFA887BF324A19918FAFAF /* rays-Icon-60x60@2x.png in Resources */ = {isa = PBXBuildFile; fileRef = EF28ADBBEEEC4044A9A229B3 /* rays-Icon-60x60@2x.png */; };
		BB2F792D24A3F905000567C9 /* Expo.plist in Resources */ = {isa = PBXBuildFile; fileRef = BB2F792C24A3F905000567C9 /* Expo.plist */; };
		CC6BE8B543F840A2B5B3DE39 /* chip-Icon-60x60@2x.png in Resources */ = {isa = PBXBuildFile; fileRef = 39667F924127481FBAC74138 /* chip-Icon-60x60@2x.png */; };
		CE3AE66FC4B54CFBB21D80D9 /* sparkles-Icon-60x60@2x.png in Resources */ = {isa = PBXBuildFile; fileRef = 089D2AF6F3A74B82B88FD65F /* sparkles-Icon-60x60@2x.png */; };
		CE4AF26E9C954E33A0C8FFE5 /* rays-purple-Icon-60x60@3x.png in Resources */ = {isa = PBXBuildFile; fileRef = B760D9477DD74DEEB377C1BE /* rays-purple-Icon-60x60@3x.png */; };
		DE4ED88B7E174612B6D1C657 /* rays-Icon-60x60@3x.png in Resources */ = {isa = PBXBuildFile; fileRef = 67ECDCEEAB834C0A8E04FEFE /* rays-Icon-60x60@3x.png */; };
		E95A5738C72141F3BC2FC589 /* gradient-Icon-60x60@2x.png in Resources */ = {isa = PBXBuildFile; fileRef = 163AFDDA7D8A42D0BE500166 /* gradient-Icon-60x60@2x.png */; };
		F5CE0D96DBAC459AAED23C8D /* classic-Icon-60x60@3x.png in Resources */ = {isa = PBXBuildFile; fileRef = 5FEE46B6562A407084D2BD32 /* classic-Icon-60x60@3x.png */; };
		FD9FE3E3A8E04ADBA7C93859 /* black-Icon-60x60@2x.png in Resources */ = {isa = PBXBuildFile; fileRef = 1146979926FC40F2ACC8734B /* black-Icon-60x60@2x.png */; };
/* End PBXBuildFile section */

/* Begin PBXFileReference section */
		008F07F21AC5B25A0029DE68 /* main.jsbundle */ = {isa = PBXFileReference; fileEncoding = 4; lastKnownFileType = text; path = main.jsbundle; sourceTree = "<group>"; };
		089D2AF6F3A74B82B88FD65F /* sparkles-Icon-60x60@2x.png */ = {isa = PBXFileReference; explicitFileType = undefined; fileEncoding = 9; includeInIndex = 0; lastKnownFileType = unknown; name = "sparkles-Icon-60x60@2x.png"; path = "Papillon/DynamicAppIcons/sparkles-Icon-60x60@2x.png"; sourceTree = "<group>"; };
		0A4E8ED41A23416FA0DAC4BC /* metal-Icon-60x60@2x.png */ = {isa = PBXFileReference; explicitFileType = undefined; fileEncoding = 9; includeInIndex = 0; lastKnownFileType = unknown; name = "metal-Icon-60x60@2x.png"; path = "Papillon/DynamicAppIcons/metal-Icon-60x60@2x.png"; sourceTree = "<group>"; };
		1146979926FC40F2ACC8734B /* black-Icon-60x60@2x.png */ = {isa = PBXFileReference; explicitFileType = undefined; fileEncoding = 9; includeInIndex = 0; lastKnownFileType = unknown; name = "black-Icon-60x60@2x.png"; path = "Papillon/DynamicAppIcons/black-Icon-60x60@2x.png"; sourceTree = "<group>"; };
		1244F91C0A634540B42B2A0B /* gradient-Icon-60x60@3x.png */ = {isa = PBXFileReference; explicitFileType = undefined; fileEncoding = 9; includeInIndex = 0; lastKnownFileType = unknown; name = "gradient-Icon-60x60@3x.png"; path = "Papillon/DynamicAppIcons/gradient-Icon-60x60@3x.png"; sourceTree = "<group>"; };
		13B07F961A680F5B00A75B9A /* Papillon.app */ = {isa = PBXFileReference; explicitFileType = wrapper.application; includeInIndex = 0; path = Papillon.app; sourceTree = BUILT_PRODUCTS_DIR; };
		13B07FAF1A68108700A75B9A /* AppDelegate.h */ = {isa = PBXFileReference; fileEncoding = 4; lastKnownFileType = sourcecode.c.h; name = AppDelegate.h; path = Papillon/AppDelegate.h; sourceTree = "<group>"; };
		13B07FB01A68108700A75B9A /* AppDelegate.mm */ = {isa = PBXFileReference; fileEncoding = 4; lastKnownFileType = sourcecode.cpp.objcpp; name = AppDelegate.mm; path = Papillon/AppDelegate.mm; sourceTree = "<group>"; };
		13B07FB51A68108700A75B9A /* Images.xcassets */ = {isa = PBXFileReference; lastKnownFileType = folder.assetcatalog; name = Images.xcassets; path = Papillon/Images.xcassets; sourceTree = "<group>"; };
		13B07FB61A68108700A75B9A /* Info.plist */ = {isa = PBXFileReference; fileEncoding = 4; lastKnownFileType = text.plist.xml; name = Info.plist; path = Papillon/Info.plist; sourceTree = "<group>"; };
		13B07FB71A68108700A75B9A /* main.m */ = {isa = PBXFileReference; fileEncoding = 4; lastKnownFileType = sourcecode.c.objc; name = main.m; path = Papillon/main.m; sourceTree = "<group>"; };
		163AFDDA7D8A42D0BE500166 /* gradient-Icon-60x60@2x.png */ = {isa = PBXFileReference; explicitFileType = undefined; fileEncoding = 9; includeInIndex = 0; lastKnownFileType = unknown; name = "gradient-Icon-60x60@2x.png"; path = "Papillon/DynamicAppIcons/gradient-Icon-60x60@2x.png"; sourceTree = "<group>"; };
		1EBE623A534D436989FCE17E /* cutted-Icon-60x60@3x.png */ = {isa = PBXFileReference; explicitFileType = undefined; fileEncoding = 9; includeInIndex = 0; lastKnownFileType = unknown; name = "cutted-Icon-60x60@3x.png"; path = "Papillon/DynamicAppIcons/cutted-Icon-60x60@3x.png"; sourceTree = "<group>"; };
		2222E84D81A645B39A4EEA9B /* 3d-Icon-60x60@2x.png */ = {isa = PBXFileReference; explicitFileType = undefined; fileEncoding = 9; includeInIndex = 0; lastKnownFileType = unknown; name = "3d-Icon-60x60@2x.png"; path = "Papillon/DynamicAppIcons/3d-Icon-60x60@2x.png"; sourceTree = "<group>"; };
		2551A7E37D1546A987B9F90F /* neon-Icon-60x60@2x.png */ = {isa = PBXFileReference; explicitFileType = undefined; fileEncoding = 9; includeInIndex = 0; lastKnownFileType = unknown; name = "neon-Icon-60x60@2x.png"; path = "Papillon/DynamicAppIcons/neon-Icon-60x60@2x.png"; sourceTree = "<group>"; };
		30299CD4E371443ABC49F764 /* neon-Icon-60x60@3x.png */ = {isa = PBXFileReference; explicitFileType = undefined; fileEncoding = 9; includeInIndex = 0; lastKnownFileType = unknown; name = "neon-Icon-60x60@3x.png"; path = "Papillon/DynamicAppIcons/neon-Icon-60x60@3x.png"; sourceTree = "<group>"; };
		30ECA6C6F0D1445A9A88D1D3 /* rays-purple-Icon-60x60@2x.png */ = {isa = PBXFileReference; explicitFileType = undefined; fileEncoding = 9; includeInIndex = 0; lastKnownFileType = unknown; name = "rays-purple-Icon-60x60@2x.png"; path = "Papillon/DynamicAppIcons/rays-purple-Icon-60x60@2x.png"; sourceTree = "<group>"; };
		39667F924127481FBAC74138 /* chip-Icon-60x60@2x.png */ = {isa = PBXFileReference; explicitFileType = undefined; fileEncoding = 9; includeInIndex = 0; lastKnownFileType = unknown; name = "chip-Icon-60x60@2x.png"; path = "Papillon/DynamicAppIcons/chip-Icon-60x60@2x.png"; sourceTree = "<group>"; };
		3D20101701D14BAE9751ABBE /* 3d-Icon-60x60@3x.png */ = {isa = PBXFileReference; explicitFileType = undefined; fileEncoding = 9; includeInIndex = 0; lastKnownFileType = unknown; name = "3d-Icon-60x60@3x.png"; path = "Papillon/DynamicAppIcons/3d-Icon-60x60@3x.png"; sourceTree = "<group>"; };
		479E269E24A745F5AB61C428 /* gold-Icon-60x60@3x.png */ = {isa = PBXFileReference; explicitFileType = undefined; fileEncoding = 9; includeInIndex = 0; lastKnownFileType = unknown; name = "gold-Icon-60x60@3x.png"; path = "Papillon/DynamicAppIcons/gold-Icon-60x60@3x.png"; sourceTree = "<group>"; };
		58EEBF8E8E6FB1BC6CAF49B5 /* libPods-Papillon.a */ = {isa = PBXFileReference; explicitFileType = archive.ar; includeInIndex = 0; path = "libPods-Papillon.a"; sourceTree = BUILT_PRODUCTS_DIR; };
		5FEE46B6562A407084D2BD32 /* classic-Icon-60x60@3x.png */ = {isa = PBXFileReference; explicitFileType = undefined; fileEncoding = 9; includeInIndex = 0; lastKnownFileType = unknown; name = "classic-Icon-60x60@3x.png"; path = "Papillon/DynamicAppIcons/classic-Icon-60x60@3x.png"; sourceTree = "<group>"; };
		67ECDCEEAB834C0A8E04FEFE /* rays-Icon-60x60@3x.png */ = {isa = PBXFileReference; explicitFileType = undefined; fileEncoding = 9; includeInIndex = 0; lastKnownFileType = unknown; name = "rays-Icon-60x60@3x.png"; path = "Papillon/DynamicAppIcons/rays-Icon-60x60@3x.png"; sourceTree = "<group>"; };
		6C2E3173556A471DD304B334 /* Pods-Papillon.debug.xcconfig */ = {isa = PBXFileReference; includeInIndex = 1; lastKnownFileType = text.xcconfig; name = "Pods-Papillon.debug.xcconfig"; path = "Target Support Files/Pods-Papillon/Pods-Papillon.debug.xcconfig"; sourceTree = "<group>"; };
		7206CE23F8B6410689E6C3DC /* black-Icon-60x60@3x.png */ = {isa = PBXFileReference; explicitFileType = undefined; fileEncoding = 9; includeInIndex = 0; lastKnownFileType = unknown; name = "black-Icon-60x60@3x.png"; path = "Papillon/DynamicAppIcons/black-Icon-60x60@3x.png"; sourceTree = "<group>"; };
		7444442023404B49A91F0573 /* metal-Icon-60x60@3x.png */ = {isa = PBXFileReference; explicitFileType = undefined; fileEncoding = 9; includeInIndex = 0; lastKnownFileType = unknown; name = "metal-Icon-60x60@3x.png"; path = "Papillon/DynamicAppIcons/metal-Icon-60x60@3x.png"; sourceTree = "<group>"; };
		7A12D044E33D43AE889D1A91 /* cutted-Icon-60x60@2x.png */ = {isa = PBXFileReference; explicitFileType = undefined; fileEncoding = 9; includeInIndex = 0; lastKnownFileType = unknown; name = "cutted-Icon-60x60@2x.png"; path = "Papillon/DynamicAppIcons/cutted-Icon-60x60@2x.png"; sourceTree = "<group>"; };
		7A4D352CD337FB3A3BF06240 /* Pods-Papillon.release.xcconfig */ = {isa = PBXFileReference; includeInIndex = 1; lastKnownFileType = text.xcconfig; name = "Pods-Papillon.release.xcconfig"; path = "Target Support Files/Pods-Papillon/Pods-Papillon.release.xcconfig"; sourceTree = "<group>"; };
		82E0962E52DE42F59935260A /* beta-Icon-60x60@2x.png */ = {isa = PBXFileReference; explicitFileType = undefined; fileEncoding = 9; includeInIndex = 0; lastKnownFileType = unknown; name = "beta-Icon-60x60@2x.png"; path = "Papillon/DynamicAppIcons/beta-Icon-60x60@2x.png"; sourceTree = "<group>"; };
		8437F421A1D34D3B80BE7AF5 /* sparkles-Icon-60x60@3x.png */ = {isa = PBXFileReference; explicitFileType = undefined; fileEncoding = 9; includeInIndex = 0; lastKnownFileType = unknown; name = "sparkles-Icon-60x60@3x.png"; path = "Papillon/DynamicAppIcons/sparkles-Icon-60x60@3x.png"; sourceTree = "<group>"; };
		95D19D41FDAE430FB2D73C8F /* noop-file.swift */ = {isa = PBXFileReference; explicitFileType = undefined; fileEncoding = 4; includeInIndex = 0; lastKnownFileType = sourcecode.swift; name = "noop-file.swift"; path = "Papillon/noop-file.swift"; sourceTree = "<group>"; };
		AA286B85B6C04FC6940260E9 /* SplashScreen.storyboard */ = {isa = PBXFileReference; fileEncoding = 4; lastKnownFileType = file.storyboard; name = SplashScreen.storyboard; path = Papillon/SplashScreen.storyboard; sourceTree = "<group>"; };
		AB96F96EE45C4D96B20C5B95 /* beta-Icon-60x60@3x.png */ = {isa = PBXFileReference; explicitFileType = undefined; fileEncoding = 9; includeInIndex = 0; lastKnownFileType = unknown; name = "beta-Icon-60x60@3x.png"; path = "Papillon/DynamicAppIcons/beta-Icon-60x60@3x.png"; sourceTree = "<group>"; };
		B760D9477DD74DEEB377C1BE /* rays-purple-Icon-60x60@3x.png */ = {isa = PBXFileReference; explicitFileType = undefined; fileEncoding = 9; includeInIndex = 0; lastKnownFileType = unknown; name = "rays-purple-Icon-60x60@3x.png"; path = "Papillon/DynamicAppIcons/rays-purple-Icon-60x60@3x.png"; sourceTree = "<group>"; };
		BB2F792C24A3F905000567C9 /* Expo.plist */ = {isa = PBXFileReference; fileEncoding = 4; lastKnownFileType = text.plist.xml; path = Expo.plist; sourceTree = "<group>"; };
		BF83A2EDB1254D29ACF95606 /* chip-Icon-60x60@3x.png */ = {isa = PBXFileReference; explicitFileType = undefined; fileEncoding = 9; includeInIndex = 0; lastKnownFileType = unknown; name = "chip-Icon-60x60@3x.png"; path = "Papillon/DynamicAppIcons/chip-Icon-60x60@3x.png"; sourceTree = "<group>"; };
		C90D54C4D3A74B9A8D4967E4 /* pride-Icon-60x60@3x.png */ = {isa = PBXFileReference; explicitFileType = undefined; fileEncoding = 9; includeInIndex = 0; lastKnownFileType = unknown; name = "pride-Icon-60x60@3x.png"; path = "Papillon/DynamicAppIcons/pride-Icon-60x60@3x.png"; sourceTree = "<group>"; };
		CB47E6CDAF1747789CF9A777 /* pride-Icon-60x60@2x.png */ = {isa = PBXFileReference; explicitFileType = undefined; fileEncoding = 9; includeInIndex = 0; lastKnownFileType = unknown; name = "pride-Icon-60x60@2x.png"; path = "Papillon/DynamicAppIcons/pride-Icon-60x60@2x.png"; sourceTree = "<group>"; };
		CDF5DFFF22CE458BB5BF5DE0 /* purple-Icon-60x60@2x.png */ = {isa = PBXFileReference; explicitFileType = undefined; fileEncoding = 9; includeInIndex = 0; lastKnownFileType = unknown; name = "purple-Icon-60x60@2x.png"; path = "Papillon/DynamicAppIcons/purple-Icon-60x60@2x.png"; sourceTree = "<group>"; };
		D8DC0A67209649FE9045F212 /* retro-Icon-60x60@3x.png */ = {isa = PBXFileReference; explicitFileType = undefined; fileEncoding = 9; includeInIndex = 0; lastKnownFileType = unknown; name = "retro-Icon-60x60@3x.png"; path = "Papillon/DynamicAppIcons/retro-Icon-60x60@3x.png"; sourceTree = "<group>"; };
		DD091B12886B455489118986 /* purple-Icon-60x60@3x.png */ = {isa = PBXFileReference; explicitFileType = undefined; fileEncoding = 9; includeInIndex = 0; lastKnownFileType = unknown; name = "purple-Icon-60x60@3x.png"; path = "Papillon/DynamicAppIcons/purple-Icon-60x60@3x.png"; sourceTree = "<group>"; };
		E295286F1B8046B9AD23673C /* retro-Icon-60x60@2x.png */ = {isa = PBXFileReference; explicitFileType = undefined; fileEncoding = 9; includeInIndex = 0; lastKnownFileType = unknown; name = "retro-Icon-60x60@2x.png"; path = "Papillon/DynamicAppIcons/retro-Icon-60x60@2x.png"; sourceTree = "<group>"; };
		ED297162215061F000B7C4FE /* JavaScriptCore.framework */ = {isa = PBXFileReference; lastKnownFileType = wrapper.framework; name = JavaScriptCore.framework; path = System/Library/Frameworks/JavaScriptCore.framework; sourceTree = SDKROOT; };
		EF28ADBBEEEC4044A9A229B3 /* rays-Icon-60x60@2x.png */ = {isa = PBXFileReference; explicitFileType = undefined; fileEncoding = 9; includeInIndex = 0; lastKnownFileType = unknown; name = "rays-Icon-60x60@2x.png"; path = "Papillon/DynamicAppIcons/rays-Icon-60x60@2x.png"; sourceTree = "<group>"; };
		F8F15C6D85A14665A483EDD3 /* gold-Icon-60x60@2x.png */ = {isa = PBXFileReference; explicitFileType = undefined; fileEncoding = 9; includeInIndex = 0; lastKnownFileType = unknown; name = "gold-Icon-60x60@2x.png"; path = "Papillon/DynamicAppIcons/gold-Icon-60x60@2x.png"; sourceTree = "<group>"; };
		FAC715A2D49A985799AEE119 /* ExpoModulesProvider.swift */ = {isa = PBXFileReference; includeInIndex = 1; lastKnownFileType = sourcecode.swift; name = ExpoModulesProvider.swift; path = "Pods/Target Support Files/Pods-Papillon/ExpoModulesProvider.swift"; sourceTree = "<group>"; };
		FE99B595968F4E8FA758CD4A /* classic-Icon-60x60@2x.png */ = {isa = PBXFileReference; explicitFileType = undefined; fileEncoding = 9; includeInIndex = 0; lastKnownFileType = unknown; name = "classic-Icon-60x60@2x.png"; path = "Papillon/DynamicAppIcons/classic-Icon-60x60@2x.png"; sourceTree = "<group>"; };
/* End PBXFileReference section */

/* Begin PBXFrameworksBuildPhase section */
		13B07F8C1A680F5B00A75B9A /* Frameworks */ = {
			isa = PBXFrameworksBuildPhase;
			buildActionMask = 2147483647;
			files = (
				96905EF65AED1B983A6B3ABC /* libPods-Papillon.a in Frameworks */,
			);
			runOnlyForDeploymentPostprocessing = 0;
		};
/* End PBXFrameworksBuildPhase section */

/* Begin PBXGroup section */
		13B07FAE1A68108700A75B9A /* Papillon */ = {
			isa = PBXGroup;
			children = (
				BB2F792B24A3F905000567C9 /* Supporting */,
				008F07F21AC5B25A0029DE68 /* main.jsbundle */,
				13B07FAF1A68108700A75B9A /* AppDelegate.h */,
				13B07FB01A68108700A75B9A /* AppDelegate.mm */,
				13B07FB51A68108700A75B9A /* Images.xcassets */,
				13B07FB61A68108700A75B9A /* Info.plist */,
				13B07FB71A68108700A75B9A /* main.m */,
				AA286B85B6C04FC6940260E9 /* SplashScreen.storyboard */,
				95D19D41FDAE430FB2D73C8F /* noop-file.swift */,
				72F7BEDAE5F3425799B36569 /* DynamicAppIcons */,
			);
			name = Papillon;
			sourceTree = "<group>";
		};
		2D16E6871FA4F8E400B85C8A /* Frameworks */ = {
			isa = PBXGroup;
			children = (
				ED297162215061F000B7C4FE /* JavaScriptCore.framework */,
				58EEBF8E8E6FB1BC6CAF49B5 /* libPods-Papillon.a */,
			);
			name = Frameworks;
			sourceTree = "<group>";
		};
		72F7BEDAE5F3425799B36569 /* DynamicAppIcons */ = {
			isa = PBXGroup;
			children = (
				2222E84D81A645B39A4EEA9B /* 3d-Icon-60x60@2x.png */,
				3D20101701D14BAE9751ABBE /* 3d-Icon-60x60@3x.png */,
				82E0962E52DE42F59935260A /* beta-Icon-60x60@2x.png */,
				AB96F96EE45C4D96B20C5B95 /* beta-Icon-60x60@3x.png */,
				1146979926FC40F2ACC8734B /* black-Icon-60x60@2x.png */,
				7206CE23F8B6410689E6C3DC /* black-Icon-60x60@3x.png */,
				39667F924127481FBAC74138 /* chip-Icon-60x60@2x.png */,
				BF83A2EDB1254D29ACF95606 /* chip-Icon-60x60@3x.png */,
				7A12D044E33D43AE889D1A91 /* cutted-Icon-60x60@2x.png */,
				1EBE623A534D436989FCE17E /* cutted-Icon-60x60@3x.png */,
				FE99B595968F4E8FA758CD4A /* classic-Icon-60x60@2x.png */,
				5FEE46B6562A407084D2BD32 /* classic-Icon-60x60@3x.png */,
				F8F15C6D85A14665A483EDD3 /* gold-Icon-60x60@2x.png */,
				479E269E24A745F5AB61C428 /* gold-Icon-60x60@3x.png */,
				163AFDDA7D8A42D0BE500166 /* gradient-Icon-60x60@2x.png */,
				1244F91C0A634540B42B2A0B /* gradient-Icon-60x60@3x.png */,
				0A4E8ED41A23416FA0DAC4BC /* metal-Icon-60x60@2x.png */,
				7444442023404B49A91F0573 /* metal-Icon-60x60@3x.png */,
				2551A7E37D1546A987B9F90F /* neon-Icon-60x60@2x.png */,
				30299CD4E371443ABC49F764 /* neon-Icon-60x60@3x.png */,
				CB47E6CDAF1747789CF9A777 /* pride-Icon-60x60@2x.png */,
				C90D54C4D3A74B9A8D4967E4 /* pride-Icon-60x60@3x.png */,
				CDF5DFFF22CE458BB5BF5DE0 /* purple-Icon-60x60@2x.png */,
				DD091B12886B455489118986 /* purple-Icon-60x60@3x.png */,
				30ECA6C6F0D1445A9A88D1D3 /* rays-purple-Icon-60x60@2x.png */,
				B760D9477DD74DEEB377C1BE /* rays-purple-Icon-60x60@3x.png */,
				EF28ADBBEEEC4044A9A229B3 /* rays-Icon-60x60@2x.png */,
				67ECDCEEAB834C0A8E04FEFE /* rays-Icon-60x60@3x.png */,
				E295286F1B8046B9AD23673C /* retro-Icon-60x60@2x.png */,
				D8DC0A67209649FE9045F212 /* retro-Icon-60x60@3x.png */,
				089D2AF6F3A74B82B88FD65F /* sparkles-Icon-60x60@2x.png */,
				8437F421A1D34D3B80BE7AF5 /* sparkles-Icon-60x60@3x.png */,
			);
			name = DynamicAppIcons;
			sourceTree = "<group>";
		};
		832341AE1AAA6A7D00B99B32 /* Libraries */ = {
			isa = PBXGroup;
			children = (
			);
			name = Libraries;
			sourceTree = "<group>";
		};
		83CBB9F61A601CBA00E9B192 = {
			isa = PBXGroup;
			children = (
				13B07FAE1A68108700A75B9A /* Papillon */,
				832341AE1AAA6A7D00B99B32 /* Libraries */,
				83CBBA001A601CBA00E9B192 /* Products */,
				2D16E6871FA4F8E400B85C8A /* Frameworks */,
				D65327D7A22EEC0BE12398D9 /* Pods */,
				D7E4C46ADA2E9064B798F356 /* ExpoModulesProviders */,
			);
			indentWidth = 2;
			sourceTree = "<group>";
			tabWidth = 2;
			usesTabs = 0;
		};
		83CBBA001A601CBA00E9B192 /* Products */ = {
			isa = PBXGroup;
			children = (
				13B07F961A680F5B00A75B9A /* Papillon.app */,
			);
			name = Products;
			sourceTree = "<group>";
		};
		92DBD88DE9BF7D494EA9DA96 /* Papillon */ = {
			isa = PBXGroup;
			children = (
				FAC715A2D49A985799AEE119 /* ExpoModulesProvider.swift */,
			);
			name = Papillon;
			sourceTree = "<group>";
		};
		BB2F792B24A3F905000567C9 /* Supporting */ = {
			isa = PBXGroup;
			children = (
				BB2F792C24A3F905000567C9 /* Expo.plist */,
			);
			name = Supporting;
			path = Papillon/Supporting;
			sourceTree = "<group>";
		};
		D65327D7A22EEC0BE12398D9 /* Pods */ = {
			isa = PBXGroup;
			children = (
				6C2E3173556A471DD304B334 /* Pods-Papillon.debug.xcconfig */,
				7A4D352CD337FB3A3BF06240 /* Pods-Papillon.release.xcconfig */,
			);
			path = Pods;
			sourceTree = "<group>";
		};
		D7E4C46ADA2E9064B798F356 /* ExpoModulesProviders */ = {
			isa = PBXGroup;
			children = (
				92DBD88DE9BF7D494EA9DA96 /* Papillon */,
			);
			name = ExpoModulesProviders;
			sourceTree = "<group>";
		};
/* End PBXGroup section */

/* Begin PBXNativeTarget section */
		13B07F861A680F5B00A75B9A /* Papillon */ = {
			isa = PBXNativeTarget;
			buildConfigurationList = 13B07F931A680F5B00A75B9A /* Build configuration list for PBXNativeTarget "Papillon" */;
			buildPhases = (
				08A4A3CD28434E44B6B9DE2E /* [CP] Check Pods Manifest.lock */,
				FD10A7F022414F080027D42C /* Start Packager */,
				13B07F871A680F5B00A75B9A /* Sources */,
				13B07F8C1A680F5B00A75B9A /* Frameworks */,
				13B07F8E1A680F5B00A75B9A /* Resources */,
				00DD1BFF1BD5951E006B06BC /* Bundle React Native code and images */,
				800E24972A6A228C8D4807E9 /* [CP] Copy Pods Resources */,
				3627B5C06476989D4204B359 /* [CP] Embed Pods Frameworks */,
			);
			buildRules = (
			);
			dependencies = (
			);
			name = Papillon;
			productName = Papillon;
			productReference = 13B07F961A680F5B00A75B9A /* Papillon.app */;
			productType = "com.apple.product-type.application";
		};
/* End PBXNativeTarget section */

/* Begin PBXProject section */
		83CBB9F71A601CBA00E9B192 /* Project object */ = {
			isa = PBXProject;
			attributes = {
				LastUpgradeCheck = 1130;
				TargetAttributes = {
					13B07F861A680F5B00A75B9A = {
						DevelopmentTeam = LGP8G8MNJA;
						LastSwiftMigration = 1250;
						ProvisioningStyle = Automatic;
					};
				};
			};
			buildConfigurationList = 83CBB9FA1A601CBA00E9B192 /* Build configuration list for PBXProject "Papillon" */;
			compatibilityVersion = "Xcode 3.2";
			developmentRegion = en;
			hasScannedForEncodings = 0;
			knownRegions = (
				en,
				Base,
			);
			mainGroup = 83CBB9F61A601CBA00E9B192;
			productRefGroup = 83CBBA001A601CBA00E9B192 /* Products */;
			projectDirPath = "";
			projectRoot = "";
			targets = (
				13B07F861A680F5B00A75B9A /* Papillon */,
			);
		};
/* End PBXProject section */

/* Begin PBXResourcesBuildPhase section */
		13B07F8E1A680F5B00A75B9A /* Resources */ = {
			isa = PBXResourcesBuildPhase;
			buildActionMask = 2147483647;
			files = (
				BB2F792D24A3F905000567C9 /* Expo.plist in Resources */,
				13B07FBF1A68108700A75B9A /* Images.xcassets in Resources */,
				3E461D99554A48A4959DE609 /* SplashScreen.storyboard in Resources */,
				54E1A7E23B7E4E4590D8F3B7 /* 3d-Icon-60x60@2x.png in Resources */,
				3D9250D5F7344442AE0C0A4D /* 3d-Icon-60x60@3x.png in Resources */,
				9A784CB8D5404CECBAB51114 /* beta-Icon-60x60@2x.png in Resources */,
				437F76467B094D0F86BBBB8D /* beta-Icon-60x60@3x.png in Resources */,
				FD9FE3E3A8E04ADBA7C93859 /* black-Icon-60x60@2x.png in Resources */,
				48D43B9EED0C40199CA2BF16 /* black-Icon-60x60@3x.png in Resources */,
				CC6BE8B543F840A2B5B3DE39 /* chip-Icon-60x60@2x.png in Resources */,
				04CF27412DFA4025815608DA /* chip-Icon-60x60@3x.png in Resources */,
				70FD432B197C4C73AE17C06F /* cutted-Icon-60x60@2x.png in Resources */,
				A0E25C64AB994028A179B9A1 /* cutted-Icon-60x60@3x.png in Resources */,
				340C86BF9F0440D194F60380 /* classic-Icon-60x60@2x.png in Resources */,
				F5CE0D96DBAC459AAED23C8D /* classic-Icon-60x60@3x.png in Resources */,
				76053D7703E24DEEB8B96043 /* gold-Icon-60x60@2x.png in Resources */,
				01EFA531AF52425C9224AB17 /* gold-Icon-60x60@3x.png in Resources */,
				E95A5738C72141F3BC2FC589 /* gradient-Icon-60x60@2x.png in Resources */,
				3BF40FC5DDBC4C4E9CB83735 /* gradient-Icon-60x60@3x.png in Resources */,
				82FABCD164B0443D85F83B25 /* metal-Icon-60x60@2x.png in Resources */,
				6B437423829946A5B81E8A54 /* metal-Icon-60x60@3x.png in Resources */,
				6AD52488E2C14ABEBAFF1750 /* neon-Icon-60x60@2x.png in Resources */,
				4538800027544845AE4B0AA2 /* neon-Icon-60x60@3x.png in Resources */,
				5BE89544B1B04AC38BAB167C /* pride-Icon-60x60@2x.png in Resources */,
				191F7BB4D17C479BA1D54D61 /* pride-Icon-60x60@3x.png in Resources */,
				274130B10EEC42EAACA3E99F /* purple-Icon-60x60@2x.png in Resources */,
				B0F9EBFBA4214DD89E0366D4 /* purple-Icon-60x60@3x.png in Resources */,
				9CD4AA4FC1FE4856A661C5A3 /* rays-purple-Icon-60x60@2x.png in Resources */,
				CE4AF26E9C954E33A0C8FFE5 /* rays-purple-Icon-60x60@3x.png in Resources */,
				B1EFA887BF324A19918FAFAF /* rays-Icon-60x60@2x.png in Resources */,
				DE4ED88B7E174612B6D1C657 /* rays-Icon-60x60@3x.png in Resources */,
				48F0A3FE67714233BB794C8B /* retro-Icon-60x60@2x.png in Resources */,
				90ACA5D9797D412E92DFB545 /* retro-Icon-60x60@3x.png in Resources */,
				CE3AE66FC4B54CFBB21D80D9 /* sparkles-Icon-60x60@2x.png in Resources */,
				1983483366BA49E5948F07E2 /* sparkles-Icon-60x60@3x.png in Resources */,
			);
			runOnlyForDeploymentPostprocessing = 0;
		};
/* End PBXResourcesBuildPhase section */

/* Begin PBXShellScriptBuildPhase section */
		00DD1BFF1BD5951E006B06BC /* Bundle React Native code and images */ = {
			isa = PBXShellScriptBuildPhase;
			buildActionMask = 2147483647;
			files = (
			);
			inputPaths = (
			);
			name = "Bundle React Native code and images";
			outputPaths = (
			);
			runOnlyForDeploymentPostprocessing = 0;
			shellPath = /bin/sh;
			shellScript = "if [[ -f \"$PODS_ROOT/../.xcode.env\" ]]; then\n  source \"$PODS_ROOT/../.xcode.env\"\nfi\nif [[ -f \"$PODS_ROOT/../.xcode.env.local\" ]]; then\n  source \"$PODS_ROOT/../.xcode.env.local\"\nfi\n\n# The project root by default is one level up from the ios directory\nexport PROJECT_ROOT=\"$PROJECT_DIR\"/..\n\nif [[ \"$CONFIGURATION\" = *Debug* ]]; then\n  export SKIP_BUNDLING=1\nfi\nif [[ -z \"$ENTRY_FILE\" ]]; then\n  # Set the entry JS file using the bundler's entry resolution.\n  export ENTRY_FILE=\"$(\"$NODE_BINARY\" -e \"require('expo/scripts/resolveAppEntry')\" $PROJECT_ROOT ios relative | tail -n 1)\"\nfi\n\n`\"$NODE_BINARY\" --print \"require('path').dirname(require.resolve('react-native/package.json')) + '/scripts/react-native-xcode.sh'\"`\n\n";
		};
		08A4A3CD28434E44B6B9DE2E /* [CP] Check Pods Manifest.lock */ = {
			isa = PBXShellScriptBuildPhase;
			buildActionMask = 2147483647;
			files = (
			);
			inputFileListPaths = (
			);
			inputPaths = (
				"${PODS_PODFILE_DIR_PATH}/Podfile.lock",
				"${PODS_ROOT}/Manifest.lock",
			);
			name = "[CP] Check Pods Manifest.lock";
			outputFileListPaths = (
			);
			outputPaths = (
				"$(DERIVED_FILE_DIR)/Pods-Papillon-checkManifestLockResult.txt",
			);
			runOnlyForDeploymentPostprocessing = 0;
			shellPath = /bin/sh;
			shellScript = "diff \"${PODS_PODFILE_DIR_PATH}/Podfile.lock\" \"${PODS_ROOT}/Manifest.lock\" > /dev/null\nif [ $? != 0 ] ; then\n    # print error to STDERR\n    echo \"error: The sandbox is not in sync with the Podfile.lock. Run 'pod install' or update your CocoaPods installation.\" >&2\n    exit 1\nfi\n# This output is used by Xcode 'outputs' to avoid re-running this script phase.\necho \"SUCCESS\" > \"${SCRIPT_OUTPUT_FILE_0}\"\n";
			showEnvVarsInLog = 0;
		};
		3627B5C06476989D4204B359 /* [CP] Embed Pods Frameworks */ = {
			isa = PBXShellScriptBuildPhase;
			buildActionMask = 2147483647;
			files = (
			);
			inputPaths = (
				"${PODS_ROOT}/Target Support Files/Pods-Papillon/Pods-Papillon-frameworks.sh",
				"${PODS_XCFRAMEWORKS_BUILD_DIR}/hermes-engine/Pre-built/hermes.framework/hermes",
			);
			name = "[CP] Embed Pods Frameworks";
			outputPaths = (
				"${TARGET_BUILD_DIR}/${FRAMEWORKS_FOLDER_PATH}/hermes.framework",
			);
			runOnlyForDeploymentPostprocessing = 0;
			shellPath = /bin/sh;
			shellScript = "\"${PODS_ROOT}/Target Support Files/Pods-Papillon/Pods-Papillon-frameworks.sh\"\n";
			showEnvVarsInLog = 0;
		};
		800E24972A6A228C8D4807E9 /* [CP] Copy Pods Resources */ = {
			isa = PBXShellScriptBuildPhase;
			buildActionMask = 2147483647;
			files = (
			);
			inputPaths = (
				"${PODS_ROOT}/Target Support Files/Pods-Papillon/Pods-Papillon-resources.sh",
				"${PODS_CONFIGURATION_BUILD_DIR}/EXConstants/EXConstants.bundle",
				"${PODS_ROOT}/../../node_modules/react-native-vector-icons/Fonts/AntDesign.ttf",
				"${PODS_ROOT}/../../node_modules/react-native-vector-icons/Fonts/Entypo.ttf",
				"${PODS_ROOT}/../../node_modules/react-native-vector-icons/Fonts/EvilIcons.ttf",
				"${PODS_ROOT}/../../node_modules/react-native-vector-icons/Fonts/Feather.ttf",
				"${PODS_ROOT}/../../node_modules/react-native-vector-icons/Fonts/FontAwesome.ttf",
				"${PODS_ROOT}/../../node_modules/react-native-vector-icons/Fonts/FontAwesome5_Brands.ttf",
				"${PODS_ROOT}/../../node_modules/react-native-vector-icons/Fonts/FontAwesome5_Regular.ttf",
				"${PODS_ROOT}/../../node_modules/react-native-vector-icons/Fonts/FontAwesome5_Solid.ttf",
				"${PODS_ROOT}/../../node_modules/react-native-vector-icons/Fonts/Fontisto.ttf",
				"${PODS_ROOT}/../../node_modules/react-native-vector-icons/Fonts/Foundation.ttf",
				"${PODS_ROOT}/../../node_modules/react-native-vector-icons/Fonts/Ionicons.ttf",
				"${PODS_ROOT}/../../node_modules/react-native-vector-icons/Fonts/MaterialCommunityIcons.ttf",
				"${PODS_ROOT}/../../node_modules/react-native-vector-icons/Fonts/MaterialIcons.ttf",
				"${PODS_ROOT}/../../node_modules/react-native-vector-icons/Fonts/Octicons.ttf",
				"${PODS_ROOT}/../../node_modules/react-native-vector-icons/Fonts/SimpleLineIcons.ttf",
				"${PODS_ROOT}/../../node_modules/react-native-vector-icons/Fonts/Zocial.ttf",
				"${PODS_CONFIGURATION_BUILD_DIR}/React-Core/AccessibilityResources.bundle",
				"${PODS_CONFIGURATION_BUILD_DIR}/expo-dev-launcher/EXDevLauncher.bundle",
				"${PODS_CONFIGURATION_BUILD_DIR}/expo-dev-menu/EXDevMenu.bundle",
			);
			name = "[CP] Copy Pods Resources";
			outputPaths = (
				"${TARGET_BUILD_DIR}/${UNLOCALIZED_RESOURCES_FOLDER_PATH}/EXConstants.bundle",
				"${TARGET_BUILD_DIR}/${UNLOCALIZED_RESOURCES_FOLDER_PATH}/AntDesign.ttf",
				"${TARGET_BUILD_DIR}/${UNLOCALIZED_RESOURCES_FOLDER_PATH}/Entypo.ttf",
				"${TARGET_BUILD_DIR}/${UNLOCALIZED_RESOURCES_FOLDER_PATH}/EvilIcons.ttf",
				"${TARGET_BUILD_DIR}/${UNLOCALIZED_RESOURCES_FOLDER_PATH}/Feather.ttf",
				"${TARGET_BUILD_DIR}/${UNLOCALIZED_RESOURCES_FOLDER_PATH}/FontAwesome.ttf",
				"${TARGET_BUILD_DIR}/${UNLOCALIZED_RESOURCES_FOLDER_PATH}/FontAwesome5_Brands.ttf",
				"${TARGET_BUILD_DIR}/${UNLOCALIZED_RESOURCES_FOLDER_PATH}/FontAwesome5_Regular.ttf",
				"${TARGET_BUILD_DIR}/${UNLOCALIZED_RESOURCES_FOLDER_PATH}/FontAwesome5_Solid.ttf",
				"${TARGET_BUILD_DIR}/${UNLOCALIZED_RESOURCES_FOLDER_PATH}/Fontisto.ttf",
				"${TARGET_BUILD_DIR}/${UNLOCALIZED_RESOURCES_FOLDER_PATH}/Foundation.ttf",
				"${TARGET_BUILD_DIR}/${UNLOCALIZED_RESOURCES_FOLDER_PATH}/Ionicons.ttf",
				"${TARGET_BUILD_DIR}/${UNLOCALIZED_RESOURCES_FOLDER_PATH}/MaterialCommunityIcons.ttf",
				"${TARGET_BUILD_DIR}/${UNLOCALIZED_RESOURCES_FOLDER_PATH}/MaterialIcons.ttf",
				"${TARGET_BUILD_DIR}/${UNLOCALIZED_RESOURCES_FOLDER_PATH}/Octicons.ttf",
				"${TARGET_BUILD_DIR}/${UNLOCALIZED_RESOURCES_FOLDER_PATH}/SimpleLineIcons.ttf",
				"${TARGET_BUILD_DIR}/${UNLOCALIZED_RESOURCES_FOLDER_PATH}/Zocial.ttf",
				"${TARGET_BUILD_DIR}/${UNLOCALIZED_RESOURCES_FOLDER_PATH}/AccessibilityResources.bundle",
				"${TARGET_BUILD_DIR}/${UNLOCALIZED_RESOURCES_FOLDER_PATH}/EXDevLauncher.bundle",
				"${TARGET_BUILD_DIR}/${UNLOCALIZED_RESOURCES_FOLDER_PATH}/EXDevMenu.bundle",
			);
			runOnlyForDeploymentPostprocessing = 0;
			shellPath = /bin/sh;
			shellScript = "\"${PODS_ROOT}/Target Support Files/Pods-Papillon/Pods-Papillon-resources.sh\"\n";
			showEnvVarsInLog = 0;
		};
		FD10A7F022414F080027D42C /* Start Packager */ = {
			isa = PBXShellScriptBuildPhase;
			buildActionMask = 2147483647;
			files = (
			);
			inputFileListPaths = (
			);
			inputPaths = (
			);
			name = "Start Packager";
			outputFileListPaths = (
			);
			outputPaths = (
			);
			runOnlyForDeploymentPostprocessing = 0;
			shellPath = /bin/sh;
			shellScript = "if [[ -f \"$PODS_ROOT/../.xcode.env\" ]]; then\n  source \"$PODS_ROOT/../.xcode.env\"\nfi\nif [[ -f \"$PODS_ROOT/../.xcode.env.local\" ]]; then\n  source \"$PODS_ROOT/../.xcode.env.local\"\nfi\n\nexport RCT_METRO_PORT=\"${RCT_METRO_PORT:=8081}\"\necho \"export RCT_METRO_PORT=${RCT_METRO_PORT}\" > `$NODE_BINARY --print \"require('path').dirname(require.resolve('react-native/package.json')) + '/scripts/.packager.env'\"`\nif [ -z \"${RCT_NO_LAUNCH_PACKAGER+xxx}\" ] ; then\n  if nc -w 5 -z localhost ${RCT_METRO_PORT} ; then\n    if ! curl -s \"http://localhost:${RCT_METRO_PORT}/status\" | grep -q \"packager-status:running\" ; then\n      echo \"Port ${RCT_METRO_PORT} already in use, packager is either not running or not running correctly\"\n      exit 2\n    fi\n  else\n    open `$NODE_BINARY --print \"require('path').dirname(require.resolve('react-native/package.json')) + '/scripts/launchPackager.command'\"` || echo \"Can't start packager automatically\"\n  fi\nfi\n";
			showEnvVarsInLog = 0;
		};
/* End PBXShellScriptBuildPhase section */

/* Begin PBXSourcesBuildPhase section */
		13B07F871A680F5B00A75B9A /* Sources */ = {
			isa = PBXSourcesBuildPhase;
			buildActionMask = 2147483647;
			files = (
				13B07FBC1A68108700A75B9A /* AppDelegate.mm in Sources */,
				13B07FC11A68108700A75B9A /* main.m in Sources */,
				B18059E884C0ABDD17F3DC3D /* ExpoModulesProvider.swift in Sources */,
				AD32892211D74C73B647A24D /* noop-file.swift in Sources */,
			);
			runOnlyForDeploymentPostprocessing = 0;
		};
/* End PBXSourcesBuildPhase section */

/* Begin XCBuildConfiguration section */
		13B07F941A680F5B00A75B9A /* Debug */ = {
			isa = XCBuildConfiguration;
			baseConfigurationReference = 6C2E3173556A471DD304B334 /* Pods-Papillon.debug.xcconfig */;
			buildSettings = {
				ASSETCATALOG_COMPILER_APPICON_NAME = AppIcon;
				CLANG_ENABLE_MODULES = YES;
				CODE_SIGN_ENTITLEMENTS = Papillon/Papillon.entitlements;
				CODE_SIGN_IDENTITY = "Apple Development";
				CODE_SIGN_STYLE = Automatic;
				CURRENT_PROJECT_VERSION = 1;
				DEVELOPMENT_TEAM = LGP8G8MNJA;
				ENABLE_BITCODE = NO;
				GCC_PREPROCESSOR_DEFINITIONS = (
					"$(inherited)",
					"FB_SONARKIT_ENABLED=1",
				);
				INFOPLIST_FILE = Papillon/Info.plist;
				IPHONEOS_DEPLOYMENT_TARGET = 13.0;
				LD_RUNPATH_SEARCH_PATHS = "$(inherited) @executable_path/Frameworks";
				MARKETING_VERSION = 1.0;
				OTHER_LDFLAGS = (
					"$(inherited)",
					"-ObjC",
					"-lc++",
				);
				OTHER_SWIFT_FLAGS = "$(inherited) -D EXPO_CONFIGURATION_DEBUG";
				PRODUCT_BUNDLE_IDENTIFIER = xyz.getpapillon.beta;
				PRODUCT_NAME = Papillon;
				SWIFT_OPTIMIZATION_LEVEL = "-Onone";
				SWIFT_VERSION = 5.0;
				TARGETED_DEVICE_FAMILY = 1;
				VERSIONING_SYSTEM = "apple-generic";
			};
			name = Debug;
		};
		13B07F951A680F5B00A75B9A /* Release */ = {
			isa = XCBuildConfiguration;
			baseConfigurationReference = 7A4D352CD337FB3A3BF06240 /* Pods-Papillon.release.xcconfig */;
			buildSettings = {
				ASSETCATALOG_COMPILER_APPICON_NAME = AppIcon;
				CLANG_ENABLE_MODULES = YES;
				CODE_SIGN_ENTITLEMENTS = Papillon/Papillon.entitlements;
				CODE_SIGN_IDENTITY = "Apple Development";
				CODE_SIGN_STYLE = Automatic;
				CURRENT_PROJECT_VERSION = 1;
				DEVELOPMENT_TEAM = LGP8G8MNJA;
				INFOPLIST_FILE = Papillon/Info.plist;
				IPHONEOS_DEPLOYMENT_TARGET = 13.0;
				LD_RUNPATH_SEARCH_PATHS = "$(inherited) @executable_path/Frameworks";
				MARKETING_VERSION = 1.0;
				OTHER_LDFLAGS = (
					"$(inherited)",
					"-ObjC",
					"-lc++",
				);
				OTHER_SWIFT_FLAGS = "$(inherited) -D EXPO_CONFIGURATION_RELEASE";
				PRODUCT_BUNDLE_IDENTIFIER = xyz.getpapillon.beta;
				PRODUCT_NAME = Papillon;
				SWIFT_VERSION = 5.0;
				TARGETED_DEVICE_FAMILY = 1;
				VERSIONING_SYSTEM = "apple-generic";
			};
			name = Release;
		};
		83CBBA201A601CBA00E9B192 /* Debug */ = {
			isa = XCBuildConfiguration;
			buildSettings = {
				ALWAYS_SEARCH_USER_PATHS = NO;
				CLANG_ANALYZER_LOCALIZABILITY_NONLOCALIZED = YES;
				CLANG_CXX_LANGUAGE_STANDARD = "c++17";
				CLANG_CXX_LIBRARY = "libc++";
				CLANG_ENABLE_MODULES = YES;
				CLANG_ENABLE_OBJC_ARC = YES;
				CLANG_WARN_BLOCK_CAPTURE_AUTORELEASING = YES;
				CLANG_WARN_BOOL_CONVERSION = YES;
				CLANG_WARN_COMMA = YES;
				CLANG_WARN_CONSTANT_CONVERSION = YES;
				CLANG_WARN_DEPRECATED_OBJC_IMPLEMENTATIONS = YES;
				CLANG_WARN_DIRECT_OBJC_ISA_USAGE = YES_ERROR;
				CLANG_WARN_EMPTY_BODY = YES;
				CLANG_WARN_ENUM_CONVERSION = YES;
				CLANG_WARN_INFINITE_RECURSION = YES;
				CLANG_WARN_INT_CONVERSION = YES;
				CLANG_WARN_NON_LITERAL_NULL_CONVERSION = YES;
				CLANG_WARN_OBJC_IMPLICIT_RETAIN_SELF = YES;
				CLANG_WARN_OBJC_LITERAL_CONVERSION = YES;
				CLANG_WARN_OBJC_ROOT_CLASS = YES_ERROR;
				CLANG_WARN_RANGE_LOOP_ANALYSIS = YES;
				CLANG_WARN_STRICT_PROTOTYPES = YES;
				CLANG_WARN_SUSPICIOUS_MOVE = YES;
				CLANG_WARN_UNREACHABLE_CODE = YES;
				CLANG_WARN__DUPLICATE_METHOD_MATCH = YES;
				"CODE_SIGN_IDENTITY[sdk=iphoneos*]" = "iPhone Developer";
				COPY_PHASE_STRIP = NO;
				ENABLE_STRICT_OBJC_MSGSEND = YES;
				ENABLE_TESTABILITY = YES;
				"EXCLUDED_ARCHS[sdk=iphonesimulator*]" = i386;
				GCC_C_LANGUAGE_STANDARD = gnu99;
				GCC_DYNAMIC_NO_PIC = NO;
				GCC_NO_COMMON_BLOCKS = YES;
				GCC_OPTIMIZATION_LEVEL = 0;
				GCC_PREPROCESSOR_DEFINITIONS = (
					"DEBUG=1",
					"$(inherited)",
				);
				GCC_SYMBOLS_PRIVATE_EXTERN = NO;
				GCC_WARN_64_TO_32_BIT_CONVERSION = YES;
				GCC_WARN_ABOUT_RETURN_TYPE = YES_ERROR;
				GCC_WARN_UNDECLARED_SELECTOR = YES;
				GCC_WARN_UNINITIALIZED_AUTOS = YES_AGGRESSIVE;
				GCC_WARN_UNUSED_FUNCTION = YES;
				GCC_WARN_UNUSED_VARIABLE = YES;
				IPHONEOS_DEPLOYMENT_TARGET = 13.0;
				LD_RUNPATH_SEARCH_PATHS = "/usr/lib/swift $(inherited)";
				LIBRARY_SEARCH_PATHS = "$(SDKROOT)/usr/lib/swift\"$(inherited)\"";
				MTL_ENABLE_DEBUG_INFO = YES;
				ONLY_ACTIVE_ARCH = YES;
				REACT_NATIVE_PATH = "${PODS_ROOT}/../../node_modules/react-native";
				SDKROOT = iphoneos;
			};
			name = Debug;
		};
		83CBBA211A601CBA00E9B192 /* Release */ = {
			isa = XCBuildConfiguration;
			buildSettings = {
				ALWAYS_SEARCH_USER_PATHS = NO;
				CLANG_ANALYZER_LOCALIZABILITY_NONLOCALIZED = YES;
				CLANG_CXX_LANGUAGE_STANDARD = "c++17";
				CLANG_CXX_LIBRARY = "libc++";
				CLANG_ENABLE_MODULES = YES;
				CLANG_ENABLE_OBJC_ARC = YES;
				CLANG_WARN_BLOCK_CAPTURE_AUTORELEASING = YES;
				CLANG_WARN_BOOL_CONVERSION = YES;
				CLANG_WARN_COMMA = YES;
				CLANG_WARN_CONSTANT_CONVERSION = YES;
				CLANG_WARN_DEPRECATED_OBJC_IMPLEMENTATIONS = YES;
				CLANG_WARN_DIRECT_OBJC_ISA_USAGE = YES_ERROR;
				CLANG_WARN_EMPTY_BODY = YES;
				CLANG_WARN_ENUM_CONVERSION = YES;
				CLANG_WARN_INFINITE_RECURSION = YES;
				CLANG_WARN_INT_CONVERSION = YES;
				CLANG_WARN_NON_LITERAL_NULL_CONVERSION = YES;
				CLANG_WARN_OBJC_IMPLICIT_RETAIN_SELF = YES;
				CLANG_WARN_OBJC_LITERAL_CONVERSION = YES;
				CLANG_WARN_OBJC_ROOT_CLASS = YES_ERROR;
				CLANG_WARN_RANGE_LOOP_ANALYSIS = YES;
				CLANG_WARN_STRICT_PROTOTYPES = YES;
				CLANG_WARN_SUSPICIOUS_MOVE = YES;
				CLANG_WARN_UNREACHABLE_CODE = YES;
				CLANG_WARN__DUPLICATE_METHOD_MATCH = YES;
				"CODE_SIGN_IDENTITY[sdk=iphoneos*]" = "iPhone Developer";
				COPY_PHASE_STRIP = YES;
				ENABLE_NS_ASSERTIONS = NO;
				ENABLE_STRICT_OBJC_MSGSEND = YES;
				"EXCLUDED_ARCHS[sdk=iphonesimulator*]" = i386;
				GCC_C_LANGUAGE_STANDARD = gnu99;
				GCC_NO_COMMON_BLOCKS = YES;
				GCC_WARN_64_TO_32_BIT_CONVERSION = YES;
				GCC_WARN_ABOUT_RETURN_TYPE = YES_ERROR;
				GCC_WARN_UNDECLARED_SELECTOR = YES;
				GCC_WARN_UNINITIALIZED_AUTOS = YES_AGGRESSIVE;
				GCC_WARN_UNUSED_FUNCTION = YES;
				GCC_WARN_UNUSED_VARIABLE = YES;
				IPHONEOS_DEPLOYMENT_TARGET = 13.0;
				LD_RUNPATH_SEARCH_PATHS = "/usr/lib/swift $(inherited)";
				LIBRARY_SEARCH_PATHS = "$(SDKROOT)/usr/lib/swift\"$(inherited)\"";
				MTL_ENABLE_DEBUG_INFO = NO;
				REACT_NATIVE_PATH = "${PODS_ROOT}/../../node_modules/react-native";
				SDKROOT = iphoneos;
				VALIDATE_PRODUCT = YES;
			};
			name = Release;
		};
/* End XCBuildConfiguration section */

/* Begin XCConfigurationList section */
		13B07F931A680F5B00A75B9A /* Build configuration list for PBXNativeTarget "Papillon" */ = {
			isa = XCConfigurationList;
			buildConfigurations = (
				13B07F941A680F5B00A75B9A /* Debug */,
				13B07F951A680F5B00A75B9A /* Release */,
			);
			defaultConfigurationIsVisible = 0;
			defaultConfigurationName = Release;
		};
		83CBB9FA1A601CBA00E9B192 /* Build configuration list for PBXProject "Papillon" */ = {
			isa = XCConfigurationList;
			buildConfigurations = (
				83CBBA201A601CBA00E9B192 /* Debug */,
				83CBBA211A601CBA00E9B192 /* Release */,
			);
			defaultConfigurationIsVisible = 0;
			defaultConfigurationName = Release;
		};
/* End XCConfigurationList section */
	};
	rootObject = 83CBB9F71A601CBA00E9B192 /* Project object */;
}
