// !$*UTF8*$!
{
	archiveVersion = 1;
	classes = {
	};
	objectVersion = 46;
	objects = {

/* Begin PBXBuildFile section */
		13B07FBC1A68108700A75B9A /* AppDelegate.mm in Sources */ = {isa = PBXBuildFile; fileRef = 13B07FB01A68108700A75B9A /* AppDelegate.mm */; };
		13B07FBF1A68108700A75B9A /* Images.xcassets in Resources */ = {isa = PBXBuildFile; fileRef = 13B07FB51A68108700A75B9A /* Images.xcassets */; };
		13B07FC11A68108700A75B9A /* main.m in Sources */ = {isa = PBXBuildFile; fileRef = 13B07FB71A68108700A75B9A /* main.m */; };
		3E461D99554A48A4959DE609 /* SplashScreen.storyboard in Resources */ = {isa = PBXBuildFile; fileRef = AA286B85B6C04FC6940260E9 /* SplashScreen.storyboard */; };
		5F2853B99560474DB490C2DE /* noop-file.swift in Sources */ = {isa = PBXBuildFile; fileRef = A05119E8746B45BDB675E680 /* noop-file.swift */; };
		96905EF65AED1B983A6B3ABC /* libPods-Papillon.a in Frameworks */ = {isa = PBXBuildFile; fileRef = 58EEBF8E8E6FB1BC6CAF49B5 /* libPods-Papillon.a */; };
		B18059E884C0ABDD17F3DC3D /* ExpoModulesProvider.swift in Sources */ = {isa = PBXBuildFile; fileRef = FAC715A2D49A985799AEE119 /* ExpoModulesProvider.swift */; };
		BB2F792D24A3F905000567C9 /* Expo.plist in Resources */ = {isa = PBXBuildFile; fileRef = BB2F792C24A3F905000567C9 /* Expo.plist */; };
		45A4DA54084246479317283D /* relief-Icon-60x60@2x.png in Resources */ = {isa = PBXBuildFile; fileRef = 6B20B907A08B474F9EBD2027 /* relief-Icon-60x60@2x.png */; };
		23F13DDD23AC4FDC9B384F53 /* relief-Icon-60x60@3x.png in Resources */ = {isa = PBXBuildFile; fileRef = 41C23082A72F4532928F35A9 /* relief-Icon-60x60@3x.png */; };
		263EA550865A43D3B555A1AA /* beta-Icon-60x60@2x.png in Resources */ = {isa = PBXBuildFile; fileRef = E0CEDDD759BC401D982AA33A /* beta-Icon-60x60@2x.png */; };
		055D36E380D4478FB7B54A98 /* beta-Icon-60x60@3x.png in Resources */ = {isa = PBXBuildFile; fileRef = 91F90496F8494761A611D698 /* beta-Icon-60x60@3x.png */; };
		F29F7D448A814A89AEFD46D0 /* black-Icon-60x60@2x.png in Resources */ = {isa = PBXBuildFile; fileRef = 693876818E31474FB2BD5BBE /* black-Icon-60x60@2x.png */; };
		1C47F2533C094B93BDB71477 /* black-Icon-60x60@3x.png in Resources */ = {isa = PBXBuildFile; fileRef = C91B091B92D74E55A985EAF6 /* black-Icon-60x60@3x.png */; };
		2480C15E669A4B81A04F2FB1 /* chip-Icon-60x60@2x.png in Resources */ = {isa = PBXBuildFile; fileRef = 674EC9D825B04A07B7A6ED54 /* chip-Icon-60x60@2x.png */; };
		D474D2E1E6AB4D9E9856D802 /* chip-Icon-60x60@3x.png in Resources */ = {isa = PBXBuildFile; fileRef = AD9DFD9404A4474FA4ED37F0 /* chip-Icon-60x60@3x.png */; };
		914B12C770B446B5A57794C2 /* cutted-Icon-60x60@2x.png in Resources */ = {isa = PBXBuildFile; fileRef = F091FAC6BE5849D4AAFCBAF8 /* cutted-Icon-60x60@2x.png */; };
		F07C70E396B24A0FBF94AB16 /* cutted-Icon-60x60@3x.png in Resources */ = {isa = PBXBuildFile; fileRef = 85A4C94DE4A54F5985739C42 /* cutted-Icon-60x60@3x.png */; };
		880E1161C19A42E598D9A2E9 /* classic-Icon-60x60@2x.png in Resources */ = {isa = PBXBuildFile; fileRef = 64397C9AB008403A854CCF46 /* classic-Icon-60x60@2x.png */; };
		93839E23554A4723A6C051B3 /* classic-Icon-60x60@3x.png in Resources */ = {isa = PBXBuildFile; fileRef = CABDC17602834977B3D54EF7 /* classic-Icon-60x60@3x.png */; };
		768DFBD8F6404DD3B89EB229 /* gold-Icon-60x60@2x.png in Resources */ = {isa = PBXBuildFile; fileRef = 213ADCF54D8042FE905D1FE9 /* gold-Icon-60x60@2x.png */; };
		52A2BB85019D48B499D36657 /* gold-Icon-60x60@3x.png in Resources */ = {isa = PBXBuildFile; fileRef = 9277224E498A440D961E3F16 /* gold-Icon-60x60@3x.png */; };
		0326957FDA2841419BB415F5 /* gradient-Icon-60x60@2x.png in Resources */ = {isa = PBXBuildFile; fileRef = 95C9AF31B743434599948E63 /* gradient-Icon-60x60@2x.png */; };
		C41C9F03BDFD42D4B2D85A4D /* gradient-Icon-60x60@3x.png in Resources */ = {isa = PBXBuildFile; fileRef = 728DEC745E804B3191E4ABCB /* gradient-Icon-60x60@3x.png */; };
		2135DD60402B4659BE3AD27A /* metal-Icon-60x60@2x.png in Resources */ = {isa = PBXBuildFile; fileRef = 1CEE6BD8DF8A403D8DF89800 /* metal-Icon-60x60@2x.png */; };
		DEFC5F21AEB7416C8A31DB52 /* metal-Icon-60x60@3x.png in Resources */ = {isa = PBXBuildFile; fileRef = 6A03C6487CC54C40B648DF2E /* metal-Icon-60x60@3x.png */; };
		F15EF9BC32494FACBE45C4B7 /* neon-Icon-60x60@2x.png in Resources */ = {isa = PBXBuildFile; fileRef = 0DABD97D34A74733BB83B2D1 /* neon-Icon-60x60@2x.png */; };
		48C577EF10B0468D84314AAB /* neon-Icon-60x60@3x.png in Resources */ = {isa = PBXBuildFile; fileRef = D360E14792DD4375B5F2F27E /* neon-Icon-60x60@3x.png */; };
		3FD36B8C45564280AA587F09 /* pride-Icon-60x60@2x.png in Resources */ = {isa = PBXBuildFile; fileRef = DA3B50B1E3F843AAB09E2879 /* pride-Icon-60x60@2x.png */; };
		6FE783508E534242B30DBB54 /* pride-Icon-60x60@3x.png in Resources */ = {isa = PBXBuildFile; fileRef = 22652EFE2126446EA87DF6D6 /* pride-Icon-60x60@3x.png */; };
		ADD0A4F78ED44FB39535210E /* purple-Icon-60x60@2x.png in Resources */ = {isa = PBXBuildFile; fileRef = 3A3EF0A0283444A395345138 /* purple-Icon-60x60@2x.png */; };
		DBFE56225315430D93337311 /* purple-Icon-60x60@3x.png in Resources */ = {isa = PBXBuildFile; fileRef = C1E45042FA5E47EB87DF3307 /* purple-Icon-60x60@3x.png */; };
		C975E01C21FA4E3C89D8A0D0 /* rayspurple-Icon-60x60@2x.png in Resources */ = {isa = PBXBuildFile; fileRef = 9AFCED2BF1BE4B50B2F395A9 /* rayspurple-Icon-60x60@2x.png */; };
		79BC6C353096441AB3D11EAE /* rayspurple-Icon-60x60@3x.png in Resources */ = {isa = PBXBuildFile; fileRef = 9E2B9C66D74C4152AD756127 /* rayspurple-Icon-60x60@3x.png */; };
		F1F91EA08E5A4D918BB8F4B5 /* rays-Icon-60x60@2x.png in Resources */ = {isa = PBXBuildFile; fileRef = 83F89CF29D3E4D848560E2D3 /* rays-Icon-60x60@2x.png */; };
		5763284C1E6D417A9D30787D /* rays-Icon-60x60@3x.png in Resources */ = {isa = PBXBuildFile; fileRef = 7539BCA03F8B4F1997B68538 /* rays-Icon-60x60@3x.png */; };
		3B725C9A3EDE4803A71C07B6 /* retro-Icon-60x60@2x.png in Resources */ = {isa = PBXBuildFile; fileRef = 4C731DEDAFBF48019ABB5D5D /* retro-Icon-60x60@2x.png */; };
		F00219C6C95F4A4C8DD3A9AD /* retro-Icon-60x60@3x.png in Resources */ = {isa = PBXBuildFile; fileRef = 4CBC01D65E344D21BC58FCB2 /* retro-Icon-60x60@3x.png */; };
		DC1935AF00A244409577DF32 /* sparkles-Icon-60x60@2x.png in Resources */ = {isa = PBXBuildFile; fileRef = E516AAB9884642B598C7631B /* sparkles-Icon-60x60@2x.png */; };
		A5501560A0254B6BABF5861F /* sparkles-Icon-60x60@3x.png in Resources */ = {isa = PBXBuildFile; fileRef = 62FCBCF54FBF4931B4F48F02 /* sparkles-Icon-60x60@3x.png */; };
/* End PBXBuildFile section */

/* Begin PBXFileReference section */
		008F07F21AC5B25A0029DE68 /* main.jsbundle */ = {isa = PBXFileReference; fileEncoding = 4; lastKnownFileType = text; path = main.jsbundle; sourceTree = "<group>"; };
		13B07F961A680F5B00A75B9A /* Papillon.app */ = {isa = PBXFileReference; explicitFileType = wrapper.application; includeInIndex = 0; path = Papillon.app; sourceTree = BUILT_PRODUCTS_DIR; };
		13B07FAF1A68108700A75B9A /* AppDelegate.h */ = {isa = PBXFileReference; fileEncoding = 4; lastKnownFileType = sourcecode.c.h; name = AppDelegate.h; path = Papillon/AppDelegate.h; sourceTree = "<group>"; };
		13B07FB01A68108700A75B9A /* AppDelegate.mm */ = {isa = PBXFileReference; fileEncoding = 4; lastKnownFileType = sourcecode.cpp.objcpp; name = AppDelegate.mm; path = Papillon/AppDelegate.mm; sourceTree = "<group>"; };
		13B07FB51A68108700A75B9A /* Images.xcassets */ = {isa = PBXFileReference; lastKnownFileType = folder.assetcatalog; name = Images.xcassets; path = Papillon/Images.xcassets; sourceTree = "<group>"; };
		13B07FB61A68108700A75B9A /* Info.plist */ = {isa = PBXFileReference; fileEncoding = 4; lastKnownFileType = text.plist.xml; name = Info.plist; path = Papillon/Info.plist; sourceTree = "<group>"; };
		13B07FB71A68108700A75B9A /* main.m */ = {isa = PBXFileReference; fileEncoding = 4; lastKnownFileType = sourcecode.c.objc; name = main.m; path = Papillon/main.m; sourceTree = "<group>"; };
		58EEBF8E8E6FB1BC6CAF49B5 /* libPods-Papillon.a */ = {isa = PBXFileReference; explicitFileType = archive.ar; includeInIndex = 0; path = "libPods-Papillon.a"; sourceTree = BUILT_PRODUCTS_DIR; };
		6C2E3173556A471DD304B334 /* Pods-Papillon.debug.xcconfig */ = {isa = PBXFileReference; includeInIndex = 1; lastKnownFileType = text.xcconfig; name = "Pods-Papillon.debug.xcconfig"; path = "Target Support Files/Pods-Papillon/Pods-Papillon.debug.xcconfig"; sourceTree = "<group>"; };
		7A4D352CD337FB3A3BF06240 /* Pods-Papillon.release.xcconfig */ = {isa = PBXFileReference; includeInIndex = 1; lastKnownFileType = text.xcconfig; name = "Pods-Papillon.release.xcconfig"; path = "Target Support Files/Pods-Papillon/Pods-Papillon.release.xcconfig"; sourceTree = "<group>"; };
		A05119E8746B45BDB675E680 /* noop-file.swift */ = {isa = PBXFileReference; explicitFileType = undefined; fileEncoding = 4; includeInIndex = 0; lastKnownFileType = sourcecode.swift; name = "noop-file.swift"; path = "Papillon/noop-file.swift"; sourceTree = "<group>"; };
		AA286B85B6C04FC6940260E9 /* SplashScreen.storyboard */ = {isa = PBXFileReference; fileEncoding = 4; lastKnownFileType = file.storyboard; name = SplashScreen.storyboard; path = Papillon/SplashScreen.storyboard; sourceTree = "<group>"; };
		BB2F792C24A3F905000567C9 /* Expo.plist */ = {isa = PBXFileReference; fileEncoding = 4; lastKnownFileType = text.plist.xml; path = Expo.plist; sourceTree = "<group>"; };
		ED297162215061F000B7C4FE /* JavaScriptCore.framework */ = {isa = PBXFileReference; lastKnownFileType = wrapper.framework; name = JavaScriptCore.framework; path = System/Library/Frameworks/JavaScriptCore.framework; sourceTree = SDKROOT; };
		FAC715A2D49A985799AEE119 /* ExpoModulesProvider.swift */ = {isa = PBXFileReference; includeInIndex = 1; lastKnownFileType = sourcecode.swift; name = ExpoModulesProvider.swift; path = "Pods/Target Support Files/Pods-Papillon/ExpoModulesProvider.swift"; sourceTree = "<group>"; };
		6B20B907A08B474F9EBD2027 /* relief-Icon-60x60@2x.png */ = {isa = PBXFileReference; name = "relief-Icon-60x60@2x.png"; path = "Papillon/DynamicAppIcons/relief-Icon-60x60@2x.png"; sourceTree = "<group>"; fileEncoding = undefined; lastKnownFileType = unknown; explicitFileType = undefined; includeInIndex = 0; };
		41C23082A72F4532928F35A9 /* relief-Icon-60x60@3x.png */ = {isa = PBXFileReference; name = "relief-Icon-60x60@3x.png"; path = "Papillon/DynamicAppIcons/relief-Icon-60x60@3x.png"; sourceTree = "<group>"; fileEncoding = undefined; lastKnownFileType = unknown; explicitFileType = undefined; includeInIndex = 0; };
		E0CEDDD759BC401D982AA33A /* beta-Icon-60x60@2x.png */ = {isa = PBXFileReference; name = "beta-Icon-60x60@2x.png"; path = "Papillon/DynamicAppIcons/beta-Icon-60x60@2x.png"; sourceTree = "<group>"; fileEncoding = undefined; lastKnownFileType = unknown; explicitFileType = undefined; includeInIndex = 0; };
		91F90496F8494761A611D698 /* beta-Icon-60x60@3x.png */ = {isa = PBXFileReference; name = "beta-Icon-60x60@3x.png"; path = "Papillon/DynamicAppIcons/beta-Icon-60x60@3x.png"; sourceTree = "<group>"; fileEncoding = undefined; lastKnownFileType = unknown; explicitFileType = undefined; includeInIndex = 0; };
		693876818E31474FB2BD5BBE /* black-Icon-60x60@2x.png */ = {isa = PBXFileReference; name = "black-Icon-60x60@2x.png"; path = "Papillon/DynamicAppIcons/black-Icon-60x60@2x.png"; sourceTree = "<group>"; fileEncoding = undefined; lastKnownFileType = unknown; explicitFileType = undefined; includeInIndex = 0; };
		C91B091B92D74E55A985EAF6 /* black-Icon-60x60@3x.png */ = {isa = PBXFileReference; name = "black-Icon-60x60@3x.png"; path = "Papillon/DynamicAppIcons/black-Icon-60x60@3x.png"; sourceTree = "<group>"; fileEncoding = undefined; lastKnownFileType = unknown; explicitFileType = undefined; includeInIndex = 0; };
		674EC9D825B04A07B7A6ED54 /* chip-Icon-60x60@2x.png */ = {isa = PBXFileReference; name = "chip-Icon-60x60@2x.png"; path = "Papillon/DynamicAppIcons/chip-Icon-60x60@2x.png"; sourceTree = "<group>"; fileEncoding = undefined; lastKnownFileType = unknown; explicitFileType = undefined; includeInIndex = 0; };
		AD9DFD9404A4474FA4ED37F0 /* chip-Icon-60x60@3x.png */ = {isa = PBXFileReference; name = "chip-Icon-60x60@3x.png"; path = "Papillon/DynamicAppIcons/chip-Icon-60x60@3x.png"; sourceTree = "<group>"; fileEncoding = undefined; lastKnownFileType = unknown; explicitFileType = undefined; includeInIndex = 0; };
		F091FAC6BE5849D4AAFCBAF8 /* cutted-Icon-60x60@2x.png */ = {isa = PBXFileReference; name = "cutted-Icon-60x60@2x.png"; path = "Papillon/DynamicAppIcons/cutted-Icon-60x60@2x.png"; sourceTree = "<group>"; fileEncoding = undefined; lastKnownFileType = unknown; explicitFileType = undefined; includeInIndex = 0; };
		85A4C94DE4A54F5985739C42 /* cutted-Icon-60x60@3x.png */ = {isa = PBXFileReference; name = "cutted-Icon-60x60@3x.png"; path = "Papillon/DynamicAppIcons/cutted-Icon-60x60@3x.png"; sourceTree = "<group>"; fileEncoding = undefined; lastKnownFileType = unknown; explicitFileType = undefined; includeInIndex = 0; };
		64397C9AB008403A854CCF46 /* classic-Icon-60x60@2x.png */ = {isa = PBXFileReference; name = "classic-Icon-60x60@2x.png"; path = "Papillon/DynamicAppIcons/classic-Icon-60x60@2x.png"; sourceTree = "<group>"; fileEncoding = undefined; lastKnownFileType = unknown; explicitFileType = undefined; includeInIndex = 0; };
		CABDC17602834977B3D54EF7 /* classic-Icon-60x60@3x.png */ = {isa = PBXFileReference; name = "classic-Icon-60x60@3x.png"; path = "Papillon/DynamicAppIcons/classic-Icon-60x60@3x.png"; sourceTree = "<group>"; fileEncoding = undefined; lastKnownFileType = unknown; explicitFileType = undefined; includeInIndex = 0; };
		213ADCF54D8042FE905D1FE9 /* gold-Icon-60x60@2x.png */ = {isa = PBXFileReference; name = "gold-Icon-60x60@2x.png"; path = "Papillon/DynamicAppIcons/gold-Icon-60x60@2x.png"; sourceTree = "<group>"; fileEncoding = undefined; lastKnownFileType = unknown; explicitFileType = undefined; includeInIndex = 0; };
		9277224E498A440D961E3F16 /* gold-Icon-60x60@3x.png */ = {isa = PBXFileReference; name = "gold-Icon-60x60@3x.png"; path = "Papillon/DynamicAppIcons/gold-Icon-60x60@3x.png"; sourceTree = "<group>"; fileEncoding = undefined; lastKnownFileType = unknown; explicitFileType = undefined; includeInIndex = 0; };
		95C9AF31B743434599948E63 /* gradient-Icon-60x60@2x.png */ = {isa = PBXFileReference; name = "gradient-Icon-60x60@2x.png"; path = "Papillon/DynamicAppIcons/gradient-Icon-60x60@2x.png"; sourceTree = "<group>"; fileEncoding = undefined; lastKnownFileType = unknown; explicitFileType = undefined; includeInIndex = 0; };
		728DEC745E804B3191E4ABCB /* gradient-Icon-60x60@3x.png */ = {isa = PBXFileReference; name = "gradient-Icon-60x60@3x.png"; path = "Papillon/DynamicAppIcons/gradient-Icon-60x60@3x.png"; sourceTree = "<group>"; fileEncoding = undefined; lastKnownFileType = unknown; explicitFileType = undefined; includeInIndex = 0; };
		1CEE6BD8DF8A403D8DF89800 /* metal-Icon-60x60@2x.png */ = {isa = PBXFileReference; name = "metal-Icon-60x60@2x.png"; path = "Papillon/DynamicAppIcons/metal-Icon-60x60@2x.png"; sourceTree = "<group>"; fileEncoding = undefined; lastKnownFileType = unknown; explicitFileType = undefined; includeInIndex = 0; };
		6A03C6487CC54C40B648DF2E /* metal-Icon-60x60@3x.png */ = {isa = PBXFileReference; name = "metal-Icon-60x60@3x.png"; path = "Papillon/DynamicAppIcons/metal-Icon-60x60@3x.png"; sourceTree = "<group>"; fileEncoding = undefined; lastKnownFileType = unknown; explicitFileType = undefined; includeInIndex = 0; };
		0DABD97D34A74733BB83B2D1 /* neon-Icon-60x60@2x.png */ = {isa = PBXFileReference; name = "neon-Icon-60x60@2x.png"; path = "Papillon/DynamicAppIcons/neon-Icon-60x60@2x.png"; sourceTree = "<group>"; fileEncoding = undefined; lastKnownFileType = unknown; explicitFileType = undefined; includeInIndex = 0; };
		D360E14792DD4375B5F2F27E /* neon-Icon-60x60@3x.png */ = {isa = PBXFileReference; name = "neon-Icon-60x60@3x.png"; path = "Papillon/DynamicAppIcons/neon-Icon-60x60@3x.png"; sourceTree = "<group>"; fileEncoding = undefined; lastKnownFileType = unknown; explicitFileType = undefined; includeInIndex = 0; };
		DA3B50B1E3F843AAB09E2879 /* pride-Icon-60x60@2x.png */ = {isa = PBXFileReference; name = "pride-Icon-60x60@2x.png"; path = "Papillon/DynamicAppIcons/pride-Icon-60x60@2x.png"; sourceTree = "<group>"; fileEncoding = undefined; lastKnownFileType = unknown; explicitFileType = undefined; includeInIndex = 0; };
		22652EFE2126446EA87DF6D6 /* pride-Icon-60x60@3x.png */ = {isa = PBXFileReference; name = "pride-Icon-60x60@3x.png"; path = "Papillon/DynamicAppIcons/pride-Icon-60x60@3x.png"; sourceTree = "<group>"; fileEncoding = undefined; lastKnownFileType = unknown; explicitFileType = undefined; includeInIndex = 0; };
		3A3EF0A0283444A395345138 /* purple-Icon-60x60@2x.png */ = {isa = PBXFileReference; name = "purple-Icon-60x60@2x.png"; path = "Papillon/DynamicAppIcons/purple-Icon-60x60@2x.png"; sourceTree = "<group>"; fileEncoding = undefined; lastKnownFileType = unknown; explicitFileType = undefined; includeInIndex = 0; };
		C1E45042FA5E47EB87DF3307 /* purple-Icon-60x60@3x.png */ = {isa = PBXFileReference; name = "purple-Icon-60x60@3x.png"; path = "Papillon/DynamicAppIcons/purple-Icon-60x60@3x.png"; sourceTree = "<group>"; fileEncoding = undefined; lastKnownFileType = unknown; explicitFileType = undefined; includeInIndex = 0; };
		9AFCED2BF1BE4B50B2F395A9 /* rayspurple-Icon-60x60@2x.png */ = {isa = PBXFileReference; name = "rayspurple-Icon-60x60@2x.png"; path = "Papillon/DynamicAppIcons/rayspurple-Icon-60x60@2x.png"; sourceTree = "<group>"; fileEncoding = undefined; lastKnownFileType = unknown; explicitFileType = undefined; includeInIndex = 0; };
		9E2B9C66D74C4152AD756127 /* rayspurple-Icon-60x60@3x.png */ = {isa = PBXFileReference; name = "rayspurple-Icon-60x60@3x.png"; path = "Papillon/DynamicAppIcons/rayspurple-Icon-60x60@3x.png"; sourceTree = "<group>"; fileEncoding = undefined; lastKnownFileType = unknown; explicitFileType = undefined; includeInIndex = 0; };
		83F89CF29D3E4D848560E2D3 /* rays-Icon-60x60@2x.png */ = {isa = PBXFileReference; name = "rays-Icon-60x60@2x.png"; path = "Papillon/DynamicAppIcons/rays-Icon-60x60@2x.png"; sourceTree = "<group>"; fileEncoding = undefined; lastKnownFileType = unknown; explicitFileType = undefined; includeInIndex = 0; };
		7539BCA03F8B4F1997B68538 /* rays-Icon-60x60@3x.png */ = {isa = PBXFileReference; name = "rays-Icon-60x60@3x.png"; path = "Papillon/DynamicAppIcons/rays-Icon-60x60@3x.png"; sourceTree = "<group>"; fileEncoding = undefined; lastKnownFileType = unknown; explicitFileType = undefined; includeInIndex = 0; };
		4C731DEDAFBF48019ABB5D5D /* retro-Icon-60x60@2x.png */ = {isa = PBXFileReference; name = "retro-Icon-60x60@2x.png"; path = "Papillon/DynamicAppIcons/retro-Icon-60x60@2x.png"; sourceTree = "<group>"; fileEncoding = undefined; lastKnownFileType = unknown; explicitFileType = undefined; includeInIndex = 0; };
		4CBC01D65E344D21BC58FCB2 /* retro-Icon-60x60@3x.png */ = {isa = PBXFileReference; name = "retro-Icon-60x60@3x.png"; path = "Papillon/DynamicAppIcons/retro-Icon-60x60@3x.png"; sourceTree = "<group>"; fileEncoding = undefined; lastKnownFileType = unknown; explicitFileType = undefined; includeInIndex = 0; };
		E516AAB9884642B598C7631B /* sparkles-Icon-60x60@2x.png */ = {isa = PBXFileReference; name = "sparkles-Icon-60x60@2x.png"; path = "Papillon/DynamicAppIcons/sparkles-Icon-60x60@2x.png"; sourceTree = "<group>"; fileEncoding = undefined; lastKnownFileType = unknown; explicitFileType = undefined; includeInIndex = 0; };
		62FCBCF54FBF4931B4F48F02 /* sparkles-Icon-60x60@3x.png */ = {isa = PBXFileReference; name = "sparkles-Icon-60x60@3x.png"; path = "Papillon/DynamicAppIcons/sparkles-Icon-60x60@3x.png"; sourceTree = "<group>"; fileEncoding = undefined; lastKnownFileType = unknown; explicitFileType = undefined; includeInIndex = 0; };
/* End PBXFileReference section */

/* Begin PBXFrameworksBuildPhase section */
		13B07F8C1A680F5B00A75B9A /* Frameworks */ = {
			isa = PBXFrameworksBuildPhase;
			buildActionMask = 2147483647;
			files = (
				96905EF65AED1B983A6B3ABC /* libPods-Papillon.a in Frameworks */,
			);
			runOnlyForDeploymentPostprocessing = 0;
		};
/* End PBXFrameworksBuildPhase section */

/* Begin PBXGroup section */
		13B07FAE1A68108700A75B9A /* Papillon */ = {
			isa = PBXGroup;
			children = (
				BB2F792B24A3F905000567C9 /* Supporting */,
				008F07F21AC5B25A0029DE68 /* main.jsbundle */,
				13B07FAF1A68108700A75B9A /* AppDelegate.h */,
				13B07FB01A68108700A75B9A /* AppDelegate.mm */,
				13B07FB51A68108700A75B9A /* Images.xcassets */,
				13B07FB61A68108700A75B9A /* Info.plist */,
				13B07FB71A68108700A75B9A /* main.m */,
				AA286B85B6C04FC6940260E9 /* SplashScreen.storyboard */,
				A05119E8746B45BDB675E680 /* noop-file.swift */,
				345126E6D58C4E2EB876BFBD /* DynamicAppIcons */,
			);
			name = Papillon;
			sourceTree = "<group>";
		};
		2D16E6871FA4F8E400B85C8A /* Frameworks */ = {
			isa = PBXGroup;
			children = (
				ED297162215061F000B7C4FE /* JavaScriptCore.framework */,
				58EEBF8E8E6FB1BC6CAF49B5 /* libPods-Papillon.a */,
			);
			name = Frameworks;
			sourceTree = "<group>";
		};
		345126E6D58C4E2EB876BFBD /* DynamicAppIcons */ = {
			isa = PBXGroup;
			children = (
				6B20B907A08B474F9EBD2027 /* relief-Icon-60x60@2x.png */,
				41C23082A72F4532928F35A9 /* relief-Icon-60x60@3x.png */,
				E0CEDDD759BC401D982AA33A /* beta-Icon-60x60@2x.png */,
				91F90496F8494761A611D698 /* beta-Icon-60x60@3x.png */,
				693876818E31474FB2BD5BBE /* black-Icon-60x60@2x.png */,
				C91B091B92D74E55A985EAF6 /* black-Icon-60x60@3x.png */,
				674EC9D825B04A07B7A6ED54 /* chip-Icon-60x60@2x.png */,
				AD9DFD9404A4474FA4ED37F0 /* chip-Icon-60x60@3x.png */,
				F091FAC6BE5849D4AAFCBAF8 /* cutted-Icon-60x60@2x.png */,
				85A4C94DE4A54F5985739C42 /* cutted-Icon-60x60@3x.png */,
				64397C9AB008403A854CCF46 /* classic-Icon-60x60@2x.png */,
				CABDC17602834977B3D54EF7 /* classic-Icon-60x60@3x.png */,
				213ADCF54D8042FE905D1FE9 /* gold-Icon-60x60@2x.png */,
				9277224E498A440D961E3F16 /* gold-Icon-60x60@3x.png */,
				95C9AF31B743434599948E63 /* gradient-Icon-60x60@2x.png */,
				728DEC745E804B3191E4ABCB /* gradient-Icon-60x60@3x.png */,
				1CEE6BD8DF8A403D8DF89800 /* metal-Icon-60x60@2x.png */,
				6A03C6487CC54C40B648DF2E /* metal-Icon-60x60@3x.png */,
				0DABD97D34A74733BB83B2D1 /* neon-Icon-60x60@2x.png */,
				D360E14792DD4375B5F2F27E /* neon-Icon-60x60@3x.png */,
				DA3B50B1E3F843AAB09E2879 /* pride-Icon-60x60@2x.png */,
				22652EFE2126446EA87DF6D6 /* pride-Icon-60x60@3x.png */,
				3A3EF0A0283444A395345138 /* purple-Icon-60x60@2x.png */,
				C1E45042FA5E47EB87DF3307 /* purple-Icon-60x60@3x.png */,
				9AFCED2BF1BE4B50B2F395A9 /* rayspurple-Icon-60x60@2x.png */,
				9E2B9C66D74C4152AD756127 /* rayspurple-Icon-60x60@3x.png */,
				83F89CF29D3E4D848560E2D3 /* rays-Icon-60x60@2x.png */,
				7539BCA03F8B4F1997B68538 /* rays-Icon-60x60@3x.png */,
				4C731DEDAFBF48019ABB5D5D /* retro-Icon-60x60@2x.png */,
				4CBC01D65E344D21BC58FCB2 /* retro-Icon-60x60@3x.png */,
				E516AAB9884642B598C7631B /* sparkles-Icon-60x60@2x.png */,
				62FCBCF54FBF4931B4F48F02 /* sparkles-Icon-60x60@3x.png */,
			);
			name = DynamicAppIcons;
			sourceTree = "<group>";
		};
		832341AE1AAA6A7D00B99B32 /* Libraries */ = {
			isa = PBXGroup;
			children = (
			);
			name = Libraries;
			sourceTree = "<group>";
		};
		83CBB9F61A601CBA00E9B192 = {
			isa = PBXGroup;
			children = (
				13B07FAE1A68108700A75B9A /* Papillon */,
				832341AE1AAA6A7D00B99B32 /* Libraries */,
				83CBBA001A601CBA00E9B192 /* Products */,
				2D16E6871FA4F8E400B85C8A /* Frameworks */,
				D65327D7A22EEC0BE12398D9 /* Pods */,
				D7E4C46ADA2E9064B798F356 /* ExpoModulesProviders */,
			);
			indentWidth = 2;
			sourceTree = "<group>";
			tabWidth = 2;
			usesTabs = 0;
		};
		83CBBA001A601CBA00E9B192 /* Products */ = {
			isa = PBXGroup;
			children = (
				13B07F961A680F5B00A75B9A /* Papillon.app */,
			);
			name = Products;
			sourceTree = "<group>";
		};
		92DBD88DE9BF7D494EA9DA96 /* Papillon */ = {
			isa = PBXGroup;
			children = (
				FAC715A2D49A985799AEE119 /* ExpoModulesProvider.swift */,
			);
			name = Papillon;
			sourceTree = "<group>";
		};
		BB2F792B24A3F905000567C9 /* Supporting */ = {
			isa = PBXGroup;
			children = (
				BB2F792C24A3F905000567C9 /* Expo.plist */,
			);
			name = Supporting;
			path = Papillon/Supporting;
			sourceTree = "<group>";
		};
		D65327D7A22EEC0BE12398D9 /* Pods */ = {
			isa = PBXGroup;
			children = (
				6C2E3173556A471DD304B334 /* Pods-Papillon.debug.xcconfig */,
				7A4D352CD337FB3A3BF06240 /* Pods-Papillon.release.xcconfig */,
			);
			path = Pods;
			sourceTree = "<group>";
		};
		D7E4C46ADA2E9064B798F356 /* ExpoModulesProviders */ = {
			isa = PBXGroup;
			children = (
				92DBD88DE9BF7D494EA9DA96 /* Papillon */,
			);
			name = ExpoModulesProviders;
			sourceTree = "<group>";
		};
/* End PBXGroup section */

/* Begin PBXNativeTarget section */
		13B07F861A680F5B00A75B9A /* Papillon */ = {
			isa = PBXNativeTarget;
			buildConfigurationList = 13B07F931A680F5B00A75B9A /* Build configuration list for PBXNativeTarget "Papillon" */;
			buildPhases = (
				08A4A3CD28434E44B6B9DE2E /* [CP] Check Pods Manifest.lock */,
				FD10A7F022414F080027D42C /* Start Packager */,
				13B07F871A680F5B00A75B9A /* Sources */,
				13B07F8C1A680F5B00A75B9A /* Frameworks */,
				13B07F8E1A680F5B00A75B9A /* Resources */,
				00DD1BFF1BD5951E006B06BC /* Bundle React Native code and images */,
				800E24972A6A228C8D4807E9 /* [CP] Copy Pods Resources */,
				18997BBFA9E00C86CA0F5E0B /* [CP] Embed Pods Frameworks */,
			);
			buildRules = (
			);
			dependencies = (
			);
			name = Papillon;
			productName = Papillon;
			productReference = 13B07F961A680F5B00A75B9A /* Papillon.app */;
			productType = "com.apple.product-type.application";
		};
/* End PBXNativeTarget section */

/* Begin PBXProject section */
		83CBB9F71A601CBA00E9B192 /* Project object */ = {
			isa = PBXProject;
			attributes = {
				LastUpgradeCheck = 1130;
				TargetAttributes = {
					13B07F861A680F5B00A75B9A = {
						DevelopmentTeam = LGP8G8MNJA;
						LastSwiftMigration = 1250;
					};
				};
			};
			buildConfigurationList = 83CBB9FA1A601CBA00E9B192 /* Build configuration list for PBXProject "Papillon" */;
			compatibilityVersion = "Xcode 3.2";
			developmentRegion = en;
			hasScannedForEncodings = 0;
			knownRegions = (
				en,
				Base,
			);
			mainGroup = 83CBB9F61A601CBA00E9B192;
			productRefGroup = 83CBBA001A601CBA00E9B192 /* Products */;
			projectDirPath = "";
			projectRoot = "";
			targets = (
				13B07F861A680F5B00A75B9A /* Papillon */,
			);
		};
/* End PBXProject section */

/* Begin PBXResourcesBuildPhase section */
		13B07F8E1A680F5B00A75B9A /* Resources */ = {
			isa = PBXResourcesBuildPhase;
			buildActionMask = 2147483647;
			files = (
				BB2F792D24A3F905000567C9 /* Expo.plist in Resources */,
				13B07FBF1A68108700A75B9A /* Images.xcassets in Resources */,
				3E461D99554A48A4959DE609 /* SplashScreen.storyboard in Resources */,
				45A4DA54084246479317283D /* relief-Icon-60x60@2x.png in Resources */,
				23F13DDD23AC4FDC9B384F53 /* relief-Icon-60x60@3x.png in Resources */,
				263EA550865A43D3B555A1AA /* beta-Icon-60x60@2x.png in Resources */,
				055D36E380D4478FB7B54A98 /* beta-Icon-60x60@3x.png in Resources */,
				F29F7D448A814A89AEFD46D0 /* black-Icon-60x60@2x.png in Resources */,
				1C47F2533C094B93BDB71477 /* black-Icon-60x60@3x.png in Resources */,
				2480C15E669A4B81A04F2FB1 /* chip-Icon-60x60@2x.png in Resources */,
				D474D2E1E6AB4D9E9856D802 /* chip-Icon-60x60@3x.png in Resources */,
				914B12C770B446B5A57794C2 /* cutted-Icon-60x60@2x.png in Resources */,
				F07C70E396B24A0FBF94AB16 /* cutted-Icon-60x60@3x.png in Resources */,
				880E1161C19A42E598D9A2E9 /* classic-Icon-60x60@2x.png in Resources */,
				93839E23554A4723A6C051B3 /* classic-Icon-60x60@3x.png in Resources */,
				768DFBD8F6404DD3B89EB229 /* gold-Icon-60x60@2x.png in Resources */,
				52A2BB85019D48B499D36657 /* gold-Icon-60x60@3x.png in Resources */,
				0326957FDA2841419BB415F5 /* gradient-Icon-60x60@2x.png in Resources */,
				C41C9F03BDFD42D4B2D85A4D /* gradient-Icon-60x60@3x.png in Resources */,
				2135DD60402B4659BE3AD27A /* metal-Icon-60x60@2x.png in Resources */,
				DEFC5F21AEB7416C8A31DB52 /* metal-Icon-60x60@3x.png in Resources */,
				F15EF9BC32494FACBE45C4B7 /* neon-Icon-60x60@2x.png in Resources */,
				48C577EF10B0468D84314AAB /* neon-Icon-60x60@3x.png in Resources */,
				3FD36B8C45564280AA587F09 /* pride-Icon-60x60@2x.png in Resources */,
				6FE783508E534242B30DBB54 /* pride-Icon-60x60@3x.png in Resources */,
				ADD0A4F78ED44FB39535210E /* purple-Icon-60x60@2x.png in Resources */,
				DBFE56225315430D93337311 /* purple-Icon-60x60@3x.png in Resources */,
				C975E01C21FA4E3C89D8A0D0 /* rayspurple-Icon-60x60@2x.png in Resources */,
				79BC6C353096441AB3D11EAE /* rayspurple-Icon-60x60@3x.png in Resources */,
				F1F91EA08E5A4D918BB8F4B5 /* rays-Icon-60x60@2x.png in Resources */,
				5763284C1E6D417A9D30787D /* rays-Icon-60x60@3x.png in Resources */,
				3B725C9A3EDE4803A71C07B6 /* retro-Icon-60x60@2x.png in Resources */,
				F00219C6C95F4A4C8DD3A9AD /* retro-Icon-60x60@3x.png in Resources */,
				DC1935AF00A244409577DF32 /* sparkles-Icon-60x60@2x.png in Resources */,
				A5501560A0254B6BABF5861F /* sparkles-Icon-60x60@3x.png in Resources */,
			);
			runOnlyForDeploymentPostprocessing = 0;
		};
/* End PBXResourcesBuildPhase section */

/* Begin PBXShellScriptBuildPhase section */
		00DD1BFF1BD5951E006B06BC /* Bundle React Native code and images */ = {
			isa = PBXShellScriptBuildPhase;
			buildActionMask = 2147483647;
			files = (
			);
			inputPaths = (
			);
			name = "Bundle React Native code and images";
			outputPaths = (
			);
			runOnlyForDeploymentPostprocessing = 0;
			shellPath = /bin/sh;
			shellScript = "if [[ -f \"$PODS_ROOT/../.xcode.env\" ]]; then\n  source \"$PODS_ROOT/../.xcode.env\"\nfi\nif [[ -f \"$PODS_ROOT/../.xcode.env.local\" ]]; then\n  source \"$PODS_ROOT/../.xcode.env.local\"\nfi\n\n# The project root by default is one level up from the ios directory\nexport PROJECT_ROOT=\"$PROJECT_DIR\"/..\n\nif [[ \"$CONFIGURATION\" = *Debug* ]]; then\n  export SKIP_BUNDLING=1\nfi\nif [[ -z \"$ENTRY_FILE\" ]]; then\n  # Set the entry JS file using the bundler's entry resolution.\n  export ENTRY_FILE=\"$(\"$NODE_BINARY\" -e \"require('expo/scripts/resolveAppEntry')\" $PROJECT_ROOT ios relative | tail -n 1)\"\nfi\n\n`\"$NODE_BINARY\" --print \"require('path').dirname(require.resolve('react-native/package.json')) + '/scripts/react-native-xcode.sh'\"`\n\n";
		};
		08A4A3CD28434E44B6B9DE2E /* [CP] Check Pods Manifest.lock */ = {
			isa = PBXShellScriptBuildPhase;
			buildActionMask = 2147483647;
			files = (
			);
			inputFileListPaths = (
			);
			inputPaths = (
				"${PODS_PODFILE_DIR_PATH}/Podfile.lock",
				"${PODS_ROOT}/Manifest.lock",
			);
			name = "[CP] Check Pods Manifest.lock";
			outputFileListPaths = (
			);
			outputPaths = (
				"$(DERIVED_FILE_DIR)/Pods-Papillon-checkManifestLockResult.txt",
			);
			runOnlyForDeploymentPostprocessing = 0;
			shellPath = /bin/sh;
			shellScript = "diff \"${PODS_PODFILE_DIR_PATH}/Podfile.lock\" \"${PODS_ROOT}/Manifest.lock\" > /dev/null\nif [ $? != 0 ] ; then\n    # print error to STDERR\n    echo \"error: The sandbox is not in sync with the Podfile.lock. Run 'pod install' or update your CocoaPods installation.\" >&2\n    exit 1\nfi\n# This output is used by Xcode 'outputs' to avoid re-running this script phase.\necho \"SUCCESS\" > \"${SCRIPT_OUTPUT_FILE_0}\"\n";
			showEnvVarsInLog = 0;
		};
		18997BBFA9E00C86CA0F5E0B /* [CP] Embed Pods Frameworks */ = {
			isa = PBXShellScriptBuildPhase;
			buildActionMask = 2147483647;
			files = (
			);
			inputPaths = (
				"${PODS_ROOT}/Target Support Files/Pods-Papillon/Pods-Papillon-frameworks.sh",
				"${PODS_XCFRAMEWORKS_BUILD_DIR}/hermes-engine/Pre-built/hermes.framework/hermes",
			);
			name = "[CP] Embed Pods Frameworks";
			outputPaths = (
				"${TARGET_BUILD_DIR}/${FRAMEWORKS_FOLDER_PATH}/hermes.framework",
			);
			runOnlyForDeploymentPostprocessing = 0;
			shellPath = /bin/sh;
			shellScript = "\"${PODS_ROOT}/Target Support Files/Pods-Papillon/Pods-Papillon-frameworks.sh\"\n";
			showEnvVarsInLog = 0;
		};
		800E24972A6A228C8D4807E9 /* [CP] Copy Pods Resources */ = {
			isa = PBXShellScriptBuildPhase;
			buildActionMask = 2147483647;
			files = (
			);
			inputPaths = (
				"${PODS_ROOT}/Target Support Files/Pods-Papillon/Pods-Papillon-resources.sh",
				"${PODS_CONFIGURATION_BUILD_DIR}/EXConstants/EXConstants.bundle",
				"${PODS_ROOT}/../../node_modules/react-native-vector-icons/Fonts/AntDesign.ttf",
				"${PODS_ROOT}/../../node_modules/react-native-vector-icons/Fonts/Entypo.ttf",
				"${PODS_ROOT}/../../node_modules/react-native-vector-icons/Fonts/EvilIcons.ttf",
				"${PODS_ROOT}/../../node_modules/react-native-vector-icons/Fonts/Feather.ttf",
				"${PODS_ROOT}/../../node_modules/react-native-vector-icons/Fonts/FontAwesome.ttf",
				"${PODS_ROOT}/../../node_modules/react-native-vector-icons/Fonts/FontAwesome5_Brands.ttf",
				"${PODS_ROOT}/../../node_modules/react-native-vector-icons/Fonts/FontAwesome5_Regular.ttf",
				"${PODS_ROOT}/../../node_modules/react-native-vector-icons/Fonts/FontAwesome5_Solid.ttf",
				"${PODS_ROOT}/../../node_modules/react-native-vector-icons/Fonts/Fontisto.ttf",
				"${PODS_ROOT}/../../node_modules/react-native-vector-icons/Fonts/Foundation.ttf",
				"${PODS_ROOT}/../../node_modules/react-native-vector-icons/Fonts/Ionicons.ttf",
				"${PODS_ROOT}/../../node_modules/react-native-vector-icons/Fonts/MaterialCommunityIcons.ttf",
				"${PODS_ROOT}/../../node_modules/react-native-vector-icons/Fonts/MaterialIcons.ttf",
				"${PODS_ROOT}/../../node_modules/react-native-vector-icons/Fonts/Octicons.ttf",
				"${PODS_ROOT}/../../node_modules/react-native-vector-icons/Fonts/SimpleLineIcons.ttf",
				"${PODS_ROOT}/../../node_modules/react-native-vector-icons/Fonts/Zocial.ttf",
				"${PODS_CONFIGURATION_BUILD_DIR}/React-Core/AccessibilityResources.bundle",
				"${PODS_CONFIGURATION_BUILD_DIR}/expo-dev-launcher/EXDevLauncher.bundle",
				"${PODS_CONFIGURATION_BUILD_DIR}/expo-dev-menu/EXDevMenu.bundle",
			);
			name = "[CP] Copy Pods Resources";
			outputPaths = (
				"${TARGET_BUILD_DIR}/${UNLOCALIZED_RESOURCES_FOLDER_PATH}/EXConstants.bundle",
				"${TARGET_BUILD_DIR}/${UNLOCALIZED_RESOURCES_FOLDER_PATH}/AntDesign.ttf",
				"${TARGET_BUILD_DIR}/${UNLOCALIZED_RESOURCES_FOLDER_PATH}/Entypo.ttf",
				"${TARGET_BUILD_DIR}/${UNLOCALIZED_RESOURCES_FOLDER_PATH}/EvilIcons.ttf",
				"${TARGET_BUILD_DIR}/${UNLOCALIZED_RESOURCES_FOLDER_PATH}/Feather.ttf",
				"${TARGET_BUILD_DIR}/${UNLOCALIZED_RESOURCES_FOLDER_PATH}/FontAwesome.ttf",
				"${TARGET_BUILD_DIR}/${UNLOCALIZED_RESOURCES_FOLDER_PATH}/FontAwesome5_Brands.ttf",
				"${TARGET_BUILD_DIR}/${UNLOCALIZED_RESOURCES_FOLDER_PATH}/FontAwesome5_Regular.ttf",
				"${TARGET_BUILD_DIR}/${UNLOCALIZED_RESOURCES_FOLDER_PATH}/FontAwesome5_Solid.ttf",
				"${TARGET_BUILD_DIR}/${UNLOCALIZED_RESOURCES_FOLDER_PATH}/Fontisto.ttf",
				"${TARGET_BUILD_DIR}/${UNLOCALIZED_RESOURCES_FOLDER_PATH}/Foundation.ttf",
				"${TARGET_BUILD_DIR}/${UNLOCALIZED_RESOURCES_FOLDER_PATH}/Ionicons.ttf",
				"${TARGET_BUILD_DIR}/${UNLOCALIZED_RESOURCES_FOLDER_PATH}/MaterialCommunityIcons.ttf",
				"${TARGET_BUILD_DIR}/${UNLOCALIZED_RESOURCES_FOLDER_PATH}/MaterialIcons.ttf",
				"${TARGET_BUILD_DIR}/${UNLOCALIZED_RESOURCES_FOLDER_PATH}/Octicons.ttf",
				"${TARGET_BUILD_DIR}/${UNLOCALIZED_RESOURCES_FOLDER_PATH}/SimpleLineIcons.ttf",
				"${TARGET_BUILD_DIR}/${UNLOCALIZED_RESOURCES_FOLDER_PATH}/Zocial.ttf",
				"${TARGET_BUILD_DIR}/${UNLOCALIZED_RESOURCES_FOLDER_PATH}/AccessibilityResources.bundle",
				"${TARGET_BUILD_DIR}/${UNLOCALIZED_RESOURCES_FOLDER_PATH}/EXDevLauncher.bundle",
				"${TARGET_BUILD_DIR}/${UNLOCALIZED_RESOURCES_FOLDER_PATH}/EXDevMenu.bundle",
			);
			runOnlyForDeploymentPostprocessing = 0;
			shellPath = /bin/sh;
			shellScript = "\"${PODS_ROOT}/Target Support Files/Pods-Papillon/Pods-Papillon-resources.sh\"\n";
			showEnvVarsInLog = 0;
		};
		FD10A7F022414F080027D42C /* Start Packager */ = {
			isa = PBXShellScriptBuildPhase;
			buildActionMask = 2147483647;
			files = (
			);
			inputFileListPaths = (
			);
			inputPaths = (
			);
			name = "Start Packager";
			outputFileListPaths = (
			);
			outputPaths = (
			);
			runOnlyForDeploymentPostprocessing = 0;
			shellPath = /bin/sh;
			shellScript = "if [[ -f \"$PODS_ROOT/../.xcode.env\" ]]; then\n  source \"$PODS_ROOT/../.xcode.env\"\nfi\nif [[ -f \"$PODS_ROOT/../.xcode.env.local\" ]]; then\n  source \"$PODS_ROOT/../.xcode.env.local\"\nfi\n\nexport RCT_METRO_PORT=\"${RCT_METRO_PORT:=8081}\"\necho \"export RCT_METRO_PORT=${RCT_METRO_PORT}\" > `$NODE_BINARY --print \"require('path').dirname(require.resolve('react-native/package.json')) + '/scripts/.packager.env'\"`\nif [ -z \"${RCT_NO_LAUNCH_PACKAGER+xxx}\" ] ; then\n  if nc -w 5 -z localhost ${RCT_METRO_PORT} ; then\n    if ! curl -s \"http://localhost:${RCT_METRO_PORT}/status\" | grep -q \"packager-status:running\" ; then\n      echo \"Port ${RCT_METRO_PORT} already in use, packager is either not running or not running correctly\"\n      exit 2\n    fi\n  else\n    open `$NODE_BINARY --print \"require('path').dirname(require.resolve('react-native/package.json')) + '/scripts/launchPackager.command'\"` || echo \"Can't start packager automatically\"\n  fi\nfi\n";
			showEnvVarsInLog = 0;
		};
/* End PBXShellScriptBuildPhase section */

/* Begin PBXSourcesBuildPhase section */
		13B07F871A680F5B00A75B9A /* Sources */ = {
			isa = PBXSourcesBuildPhase;
			buildActionMask = 2147483647;
			files = (
				13B07FBC1A68108700A75B9A /* AppDelegate.mm in Sources */,
				13B07FC11A68108700A75B9A /* main.m in Sources */,
				B18059E884C0ABDD17F3DC3D /* ExpoModulesProvider.swift in Sources */,
				5F2853B99560474DB490C2DE /* noop-file.swift in Sources */,
			);
			runOnlyForDeploymentPostprocessing = 0;
		};
/* End PBXSourcesBuildPhase section */

/* Begin XCBuildConfiguration section */
		13B07F941A680F5B00A75B9A /* Debug */ = {
			isa = XCBuildConfiguration;
			baseConfigurationReference = 6C2E3173556A471DD304B334 /* Pods-Papillon.debug.xcconfig */;
			buildSettings = {
				ASSETCATALOG_COMPILER_APPICON_NAME = AppIcon;
				CLANG_ENABLE_MODULES = YES;
				CODE_SIGN_ENTITLEMENTS = Papillon/Papillon.entitlements;
				CURRENT_PROJECT_VERSION = 1;
				DEVELOPMENT_TEAM = LGP8G8MNJA;
				ENABLE_BITCODE = NO;
				GCC_PREPROCESSOR_DEFINITIONS = (
					"$(inherited)",
					"FB_SONARKIT_ENABLED=1",
				);
				INFOPLIST_FILE = Papillon/Info.plist;
				IPHONEOS_DEPLOYMENT_TARGET = 13.0;
				LD_RUNPATH_SEARCH_PATHS = "$(inherited) @executable_path/Frameworks";
				MARKETING_VERSION = 1.0;
				OTHER_LDFLAGS = (
					"$(inherited)",
					"-ObjC",
					"-lc++",
				);
				OTHER_SWIFT_FLAGS = "$(inherited) -D EXPO_CONFIGURATION_DEBUG";
				PRODUCT_BUNDLE_IDENTIFIER = xyz.getpapillon.app;
				PRODUCT_NAME = "Papillon";
				SWIFT_OPTIMIZATION_LEVEL = "-Onone";
				SWIFT_VERSION = 5.0;
				TARGETED_DEVICE_FAMILY = "1";
				VERSIONING_SYSTEM = "apple-generic";
			};
			name = Debug;
		};
		13B07F951A680F5B00A75B9A /* Release */ = {
			isa = XCBuildConfiguration;
			baseConfigurationReference = 7A4D352CD337FB3A3BF06240 /* Pods-Papillon.release.xcconfig */;
			buildSettings = {
				ASSETCATALOG_COMPILER_APPICON_NAME = AppIcon;
				CLANG_ENABLE_MODULES = YES;
				CODE_SIGN_ENTITLEMENTS = Papillon/Papillon.entitlements;
				CURRENT_PROJECT_VERSION = 1;
				DEVELOPMENT_TEAM = LGP8G8MNJA;
				INFOPLIST_FILE = Papillon/Info.plist;
				IPHONEOS_DEPLOYMENT_TARGET = 13.0;
				LD_RUNPATH_SEARCH_PATHS = "$(inherited) @executable_path/Frameworks";
				MARKETING_VERSION = 1.0;
				OTHER_LDFLAGS = (
					"$(inherited)",
					"-ObjC",
					"-lc++",
				);
				OTHER_SWIFT_FLAGS = "$(inherited) -D EXPO_CONFIGURATION_RELEASE";
				PRODUCT_BUNDLE_IDENTIFIER = xyz.getpapillon.app;
				PRODUCT_NAME = "Papillon";
				SWIFT_VERSION = 5.0;
				TARGETED_DEVICE_FAMILY = "1";
				VERSIONING_SYSTEM = "apple-generic";
			};
			name = Release;
		};
		83CBBA201A601CBA00E9B192 /* Debug */ = {
			isa = XCBuildConfiguration;
			buildSettings = {
				ALWAYS_SEARCH_USER_PATHS = NO;
				CLANG_ANALYZER_LOCALIZABILITY_NONLOCALIZED = YES;
				CLANG_CXX_LANGUAGE_STANDARD = "c++17";
				CLANG_CXX_LIBRARY = "libc++";
				CLANG_ENABLE_MODULES = YES;
				CLANG_ENABLE_OBJC_ARC = YES;
				CLANG_WARN_BLOCK_CAPTURE_AUTORELEASING = YES;
				CLANG_WARN_BOOL_CONVERSION = YES;
				CLANG_WARN_COMMA = YES;
				CLANG_WARN_CONSTANT_CONVERSION = YES;
				CLANG_WARN_DEPRECATED_OBJC_IMPLEMENTATIONS = YES;
				CLANG_WARN_DIRECT_OBJC_ISA_USAGE = YES_ERROR;
				CLANG_WARN_EMPTY_BODY = YES;
				CLANG_WARN_ENUM_CONVERSION = YES;
				CLANG_WARN_INFINITE_RECURSION = YES;
				CLANG_WARN_INT_CONVERSION = YES;
				CLANG_WARN_NON_LITERAL_NULL_CONVERSION = YES;
				CLANG_WARN_OBJC_IMPLICIT_RETAIN_SELF = YES;
				CLANG_WARN_OBJC_LITERAL_CONVERSION = YES;
				CLANG_WARN_OBJC_ROOT_CLASS = YES_ERROR;
				CLANG_WARN_RANGE_LOOP_ANALYSIS = YES;
				CLANG_WARN_STRICT_PROTOTYPES = YES;
				CLANG_WARN_SUSPICIOUS_MOVE = YES;
				CLANG_WARN_UNREACHABLE_CODE = YES;
				CLANG_WARN__DUPLICATE_METHOD_MATCH = YES;
				"CODE_SIGN_IDENTITY[sdk=iphoneos*]" = "iPhone Developer";
				COPY_PHASE_STRIP = NO;
				ENABLE_STRICT_OBJC_MSGSEND = YES;
				ENABLE_TESTABILITY = YES;
				"EXCLUDED_ARCHS[sdk=iphonesimulator*]" = i386;
				GCC_C_LANGUAGE_STANDARD = gnu99;
				GCC_DYNAMIC_NO_PIC = NO;
				GCC_NO_COMMON_BLOCKS = YES;
				GCC_OPTIMIZATION_LEVEL = 0;
				GCC_PREPROCESSOR_DEFINITIONS = (
					"DEBUG=1",
					"$(inherited)",
				);
				GCC_SYMBOLS_PRIVATE_EXTERN = NO;
				GCC_WARN_64_TO_32_BIT_CONVERSION = YES;
				GCC_WARN_ABOUT_RETURN_TYPE = YES_ERROR;
				GCC_WARN_UNDECLARED_SELECTOR = YES;
				GCC_WARN_UNINITIALIZED_AUTOS = YES_AGGRESSIVE;
				GCC_WARN_UNUSED_FUNCTION = YES;
				GCC_WARN_UNUSED_VARIABLE = YES;
				IPHONEOS_DEPLOYMENT_TARGET = 13.0;
				LD_RUNPATH_SEARCH_PATHS = "/usr/lib/swift $(inherited)";
				LIBRARY_SEARCH_PATHS = "$(SDKROOT)/usr/lib/swift\"$(inherited)\"";
				MTL_ENABLE_DEBUG_INFO = YES;
				ONLY_ACTIVE_ARCH = YES;
				REACT_NATIVE_PATH = "${PODS_ROOT}/../../node_modules/react-native";
				SDKROOT = iphoneos;
			};
			name = Debug;
		};
		83CBBA211A601CBA00E9B192 /* Release */ = {
			isa = XCBuildConfiguration;
			buildSettings = {
				ALWAYS_SEARCH_USER_PATHS = NO;
				CLANG_ANALYZER_LOCALIZABILITY_NONLOCALIZED = YES;
				CLANG_CXX_LANGUAGE_STANDARD = "c++17";
				CLANG_CXX_LIBRARY = "libc++";
				CLANG_ENABLE_MODULES = YES;
				CLANG_ENABLE_OBJC_ARC = YES;
				CLANG_WARN_BLOCK_CAPTURE_AUTORELEASING = YES;
				CLANG_WARN_BOOL_CONVERSION = YES;
				CLANG_WARN_COMMA = YES;
				CLANG_WARN_CONSTANT_CONVERSION = YES;
				CLANG_WARN_DEPRECATED_OBJC_IMPLEMENTATIONS = YES;
				CLANG_WARN_DIRECT_OBJC_ISA_USAGE = YES_ERROR;
				CLANG_WARN_EMPTY_BODY = YES;
				CLANG_WARN_ENUM_CONVERSION = YES;
				CLANG_WARN_INFINITE_RECURSION = YES;
				CLANG_WARN_INT_CONVERSION = YES;
				CLANG_WARN_NON_LITERAL_NULL_CONVERSION = YES;
				CLANG_WARN_OBJC_IMPLICIT_RETAIN_SELF = YES;
				CLANG_WARN_OBJC_LITERAL_CONVERSION = YES;
				CLANG_WARN_OBJC_ROOT_CLASS = YES_ERROR;
				CLANG_WARN_RANGE_LOOP_ANALYSIS = YES;
				CLANG_WARN_STRICT_PROTOTYPES = YES;
				CLANG_WARN_SUSPICIOUS_MOVE = YES;
				CLANG_WARN_UNREACHABLE_CODE = YES;
				CLANG_WARN__DUPLICATE_METHOD_MATCH = YES;
				"CODE_SIGN_IDENTITY[sdk=iphoneos*]" = "iPhone Developer";
				COPY_PHASE_STRIP = YES;
				ENABLE_NS_ASSERTIONS = NO;
				ENABLE_STRICT_OBJC_MSGSEND = YES;
				"EXCLUDED_ARCHS[sdk=iphonesimulator*]" = i386;
				GCC_C_LANGUAGE_STANDARD = gnu99;
				GCC_NO_COMMON_BLOCKS = YES;
				GCC_WARN_64_TO_32_BIT_CONVERSION = YES;
				GCC_WARN_ABOUT_RETURN_TYPE = YES_ERROR;
				GCC_WARN_UNDECLARED_SELECTOR = YES;
				GCC_WARN_UNINITIALIZED_AUTOS = YES_AGGRESSIVE;
				GCC_WARN_UNUSED_FUNCTION = YES;
				GCC_WARN_UNUSED_VARIABLE = YES;
				IPHONEOS_DEPLOYMENT_TARGET = 13.0;
				LD_RUNPATH_SEARCH_PATHS = "/usr/lib/swift $(inherited)";
				LIBRARY_SEARCH_PATHS = "$(SDKROOT)/usr/lib/swift\"$(inherited)\"";
				MTL_ENABLE_DEBUG_INFO = NO;
				REACT_NATIVE_PATH = "${PODS_ROOT}/../../node_modules/react-native";
				SDKROOT = iphoneos;
				VALIDATE_PRODUCT = YES;
			};
			name = Release;
		};
/* End XCBuildConfiguration section */

/* Begin XCConfigurationList section */
		13B07F931A680F5B00A75B9A /* Build configuration list for PBXNativeTarget "Papillon" */ = {
			isa = XCConfigurationList;
			buildConfigurations = (
				13B07F941A680F5B00A75B9A /* Debug */,
				13B07F951A680F5B00A75B9A /* Release */,
			);
			defaultConfigurationIsVisible = 0;
			defaultConfigurationName = Release;
		};
		83CBB9FA1A601CBA00E9B192 /* Build configuration list for PBXProject "Papillon" */ = {
			isa = XCConfigurationList;
			buildConfigurations = (
				83CBBA201A601CBA00E9B192 /* Debug */,
				83CBBA211A601CBA00E9B192 /* Release */,
			);
			defaultConfigurationIsVisible = 0;
			defaultConfigurationName = Release;
		};
/* End XCConfigurationList section */

/* Begin PBXVariantGroup section */
/* End PBXVariantGroup section */
	};
	rootObject = 83CBB9F71A601CBA00E9B192 /* Project object */;
}
